PODS:
  - Alamofire (3.5.1)
  - SwiftHTTP (1.0.6)
  - SwiftSpinner (0.9.5)
  - SwiftyJSON (2.4.0)

DEPENDENCIES:
  - Alamofire (~> 3.5)
  - SwiftHTTP (~> 1.0.3)
  - SwiftSpinner
  - SwiftyJSON (= 2.4.0)

SPEC CHECKSUMS:
  Alamofire: 0dfba1184a543e2aa160f4e39cac4e8aba48d223
  SwiftHTTP: e9124c24b3cff5138d0fb6c5481192ee198a4c0b
  SwiftSpinner: c6585a0ae5c67eb33e737695cce88f0262008cce
  SwiftyJSON: 96918c1bf505efa50c4f72957018dd3452090c9c

PODFILE CHECKSUM: 3b5c3012ee801100252a21405069c75238af139d

COCOAPODS: 1.1.1
