// !$*UTF8*$!
{
	archiveVersion = 1;
	classes = {
	};
	objectVersion = 46;
	objects = {

/* Begin PBXBuildFile section */
		27C9E516FC5526ED88CFCA42 /* Pods_MediManage.framework in Frameworks */ = {isa = PBXBuildFile; fileRef = D759717CAF6EE7B65953226B /* Pods_MediManage.framework */; };
		3A01752A1CE3589400832E49 /* insuredMembers.xib in Resources */ = {isa = PBXBuildFile; fileRef = 3A0175291CE3589400832E49 /* insuredMembers.xib */; };
		3A01752C1CE360FF00832E49 /* insuredMembers.swift in Sources */ = {isa = PBXBuildFile; fileRef = 3A01752B1CE360FF00832E49 /* insuredMembers.swift */; };
		3A01752F1CE364AD00832E49 /* header.xib in Resources */ = {isa = PBXBuildFile; fileRef = 3A01752E1CE364AD00832E49 /* header.xib */; };
		3A0175311CE369AB00832E49 /* header.swift in Sources */ = {isa = PBXBuildFile; fileRef = 3A0175301CE369AB00832E49 /* header.swift */; };
		3A1369AE1CE4566500BEE355 /* memberList.xib in Resources */ = {isa = PBXBuildFile; fileRef = 3A1369AD1CE4566500BEE355 /* memberList.xib */; };
		3A1A5AE11CEC988A00AD2564 /* DocumentChecklistController.swift in Sources */ = {isa = PBXBuildFile; fileRef = 3A1A5AE01CEC988A00AD2564 /* DocumentChecklistController.swift */; };
		3A3191181CEF4076001DCBBC /* SplashScreenController.swift in Sources */ = {isa = PBXBuildFile; fileRef = 3A3191171CEF4076001DCBBC /* SplashScreenController.swift */; };
		3A31911A1CEF40AB001DCBBC /* PageViewerController.swift in Sources */ = {isa = PBXBuildFile; fileRef = 3A3191191CEF40AB001DCBBC /* PageViewerController.swift */; };
		3A31911D1CEF41D7001DCBBC /* splashScreen.xib in Resources */ = {isa = PBXBuildFile; fileRef = 3A31911C1CEF41D7001DCBBC /* splashScreen.xib */; };
		3A481F351CE3151900BB8A73 /* premiumCalculation.swift in Sources */ = {isa = PBXBuildFile; fileRef = 3A481F341CE3151900BB8A73 /* premiumCalculation.swift */; };
		3A677B631CE49F7F003B8C2B /* insuredMembersAll.swift in Sources */ = {isa = PBXBuildFile; fileRef = 3A677B621CE49F7F003B8C2B /* insuredMembersAll.swift */; };
		3A677B651CE4B2D3003B8C2B /* LoginController.swift in Sources */ = {isa = PBXBuildFile; fileRef = 3A677B641CE4B2D3003B8C2B /* LoginController.swift */; };
		3A677B671CE4B384003B8C2B /* SignupController.swift in Sources */ = {isa = PBXBuildFile; fileRef = 3A677B661CE4B384003B8C2B /* SignupController.swift */; };
		3A677B691CE4B539003B8C2B /* CompleteProfileController.swift in Sources */ = {isa = PBXBuildFile; fileRef = 3A677B681CE4B539003B8C2B /* CompleteProfileController.swift */; };
		3A677B6B1CE4B90C003B8C2B /* RetrieveLoginController.swift in Sources */ = {isa = PBXBuildFile; fileRef = 3A677B6A1CE4B90C003B8C2B /* RetrieveLoginController.swift */; };
		3A677B6D1CE4BBDE003B8C2B /* GenerateOTPController.swift in Sources */ = {isa = PBXBuildFile; fileRef = 3A677B6C1CE4BBDE003B8C2B /* GenerateOTPController.swift */; };
		3A677B6F1CE4BEC0003B8C2B /* EnterOTPController.swift in Sources */ = {isa = PBXBuildFile; fileRef = 3A677B6E1CE4BEC0003B8C2B /* EnterOTPController.swift */; };
		3A6C4E451CF48B3D0056D46F /* SlideMenuController.swift in Sources */ = {isa = PBXBuildFile; fileRef = 3A6C4E441CF48B3D0056D46F /* SlideMenuController.swift */; };
		3A72C7251CEAE81100B5412E /* preAuthorizationOne.xib in Resources */ = {isa = PBXBuildFile; fileRef = 3A72C7241CEAE81100B5412E /* preAuthorizationOne.xib */; };
		3A72C7271CEAEDC400B5412E /* MainClaimsController.swift in Sources */ = {isa = PBXBuildFile; fileRef = 3A72C7261CEAEDC400B5412E /* MainClaimsController.swift */; };
		3A72C7291CEB28D600B5412E /* preAuthorizationOne.swift in Sources */ = {isa = PBXBuildFile; fileRef = 3A72C7281CEB28D600B5412E /* preAuthorizationOne.swift */; };
		3A72C72C1CEB454100B5412E /* helplineNumber.xib in Resources */ = {isa = PBXBuildFile; fileRef = 3A72C72B1CEB454100B5412E /* helplineNumber.xib */; };
		3A72C72E1CEB4F7500B5412E /* helplineNumber.swift in Sources */ = {isa = PBXBuildFile; fileRef = 3A72C72D1CEB4F7500B5412E /* helplineNumber.swift */; };
		3A74A7D01CF41FCA00592B3E /* tutorial.xib in Resources */ = {isa = PBXBuildFile; fileRef = 3A74A7CF1CF41FCA00592B3E /* tutorial.xib */; };
		3A74A7D21CF4216500592B3E /* tutorial.swift in Sources */ = {isa = PBXBuildFile; fileRef = 3A74A7D11CF4216500592B3E /* tutorial.swift */; };
		3A74A7D41CF422DA00592B3E /* TutorialController.swift in Sources */ = {isa = PBXBuildFile; fileRef = 3A74A7D31CF422DA00592B3E /* TutorialController.swift */; };
		3A74A7D71CF43BFC00592B3E /* MainMenuController.swift in Sources */ = {isa = PBXBuildFile; fileRef = 3A74A7D61CF43BFC00592B3E /* MainMenuController.swift */; };
		3A79A7C21CF0431E008B693B /* HelpDeskFAQController.swift in Sources */ = {isa = PBXBuildFile; fileRef = 3A79A7C11CF0431E008B693B /* HelpDeskFAQController.swift */; };
		3A79A7C51CF044DF008B693B /* HelpDeskQueryController.swift in Sources */ = {isa = PBXBuildFile; fileRef = 3A79A7C41CF044DF008B693B /* HelpDeskQueryController.swift */; };
		3A79A7C71CF045F0008B693B /* ConnectController.swift in Sources */ = {isa = PBXBuildFile; fileRef = 3A79A7C61CF045F0008B693B /* ConnectController.swift */; };
		3A79A7C91CF06652008B693B /* ClaimFormController.swift in Sources */ = {isa = PBXBuildFile; fileRef = 3A79A7C81CF06652008B693B /* ClaimFormController.swift */; };
		3A79A7CB1CF06702008B693B /* MyClaimController.swift in Sources */ = {isa = PBXBuildFile; fileRef = 3A79A7CA1CF06702008B693B /* MyClaimController.swift */; };
		3A79A7CD1CF06AA0008B693B /* PreAuthorizationOneController.swift in Sources */ = {isa = PBXBuildFile; fileRef = 3A79A7CC1CF06AA0008B693B /* PreAuthorizationOneController.swift */; };
		3A79A7CF1CF06ADC008B693B /* PreAuthorizationTwoController.swift in Sources */ = {isa = PBXBuildFile; fileRef = 3A79A7CE1CF06ADC008B693B /* PreAuthorizationTwoController.swift */; };
		3A8774BC1CEC3783001DB41F /* preAuthorizationTwo.xib in Resources */ = {isa = PBXBuildFile; fileRef = 3A8774BB1CEC3783001DB41F /* preAuthorizationTwo.xib */; };
		3A8774BE1CEC38E6001DB41F /* preAuthorizationTwo.swift in Sources */ = {isa = PBXBuildFile; fileRef = 3A8774BD1CEC38E6001DB41F /* preAuthorizationTwo.swift */; };
		3A8774C11CEC41C1001DB41F /* queryForm.xib in Resources */ = {isa = PBXBuildFile; fileRef = 3A8774C01CEC41C1001DB41F /* queryForm.xib */; };
		3A8774C31CEC4E62001DB41F /* queryForm.swift in Sources */ = {isa = PBXBuildFile; fileRef = 3A8774C21CEC4E62001DB41F /* queryForm.swift */; };
		3A8EFB511CE99EBA004489F3 /* hospitalSearch.xib in Resources */ = {isa = PBXBuildFile; fileRef = 3A8EFB501CE99EBA004489F3 /* hospitalSearch.xib */; };
		3A8EFB531CE9A463004489F3 /* hospitalSearch.swift in Sources */ = {isa = PBXBuildFile; fileRef = 3A8EFB521CE9A463004489F3 /* hospitalSearch.swift */; };
		3A8EFB561CE9C3A3004489F3 /* inbox.xib in Resources */ = {isa = PBXBuildFile; fileRef = 3A8EFB551CE9C3A3004489F3 /* inbox.xib */; };
		3A8EFB581CE9CA54004489F3 /* inbox.swift in Sources */ = {isa = PBXBuildFile; fileRef = 3A8EFB571CE9CA54004489F3 /* inbox.swift */; };
		3A8EFB5B1CE9D31B004489F3 /* homeMenus.xib in Resources */ = {isa = PBXBuildFile; fileRef = 3A8EFB5A1CE9D31B004489F3 /* homeMenus.xib */; };
		3A8EFB5D1CE9DE53004489F3 /* homeMenus.swift in Sources */ = {isa = PBXBuildFile; fileRef = 3A8EFB5C1CE9DE53004489F3 /* homeMenus.swift */; };
		3A8EFB601CE9E0BA004489F3 /* claimForm.xib in Resources */ = {isa = PBXBuildFile; fileRef = 3A8EFB5F1CE9E0BA004489F3 /* claimForm.xib */; };
		3A8EFB621CE9E742004489F3 /* claimForm.swift in Sources */ = {isa = PBXBuildFile; fileRef = 3A8EFB611CE9E742004489F3 /* claimForm.swift */; };
		3A992F041CED918100D85D8A /* benefitSummary.xib in Resources */ = {isa = PBXBuildFile; fileRef = 3A992F031CED918100D85D8A /* benefitSummary.xib */; };
		3A992F061CED997400D85D8A /* benefitSummary.swift in Sources */ = {isa = PBXBuildFile; fileRef = 3A992F051CED997400D85D8A /* benefitSummary.swift */; };
		3A992F081CEDD21700D85D8A /* ClaimIntimationController.swift in Sources */ = {isa = PBXBuildFile; fileRef = 3A992F071CEDD21700D85D8A /* ClaimIntimationController.swift */; };
		3A992F0A1CEDF25F00D85D8A /* HospitalSearchResultController.swift in Sources */ = {isa = PBXBuildFile; fileRef = 3A992F091CEDF25F00D85D8A /* HospitalSearchResultController.swift */; };
		3AC43DCF1CE9FC1500ED2523 /* myClaims.xib in Resources */ = {isa = PBXBuildFile; fileRef = 3AC43DCE1CE9FC1500ED2523 /* myClaims.xib */; };
		3AC43DD11CEA00E100ED2523 /* myClaims.swift in Sources */ = {isa = PBXBuildFile; fileRef = 3AC43DD01CEA00E100ED2523 /* myClaims.swift */; };
		3ACFB2A01CE4C369003766D8 /* EnrollmentMembersController.swift in Sources */ = {isa = PBXBuildFile; fileRef = 3ACFB29F1CE4C369003766D8 /* EnrollmentMembersController.swift */; };
		3ACFB2A21CE4C3A0003766D8 /* MemberListController.swift in Sources */ = {isa = PBXBuildFile; fileRef = 3ACFB2A11CE4C3A0003766D8 /* MemberListController.swift */; };
		3ACFB2A41CE4C410003766D8 /* PremiumCalculationController.swift in Sources */ = {isa = PBXBuildFile; fileRef = 3ACFB2A31CE4C410003766D8 /* PremiumCalculationController.swift */; };
		3AD3E5281CE1DE1D00900A93 /* enrollmentMembers.xib in Resources */ = {isa = PBXBuildFile; fileRef = 3AD3E5271CE1DE1D00900A93 /* enrollmentMembers.xib */; };
		3AD3E52A1CE1F87B00900A93 /* enrollmentMembers.swift in Sources */ = {isa = PBXBuildFile; fileRef = 3AD3E5291CE1F87B00900A93 /* enrollmentMembers.swift */; };
		3AD3E52D1CE20A1900900A93 /* premiumCalculation.xib in Resources */ = {isa = PBXBuildFile; fileRef = 3AD3E52C1CE20A1900900A93 /* premiumCalculation.xib */; };
		3AE7AFE01CF2D0C10047DFB0 /* QueryFormController.swift in Sources */ = {isa = PBXBuildFile; fileRef = 3AE7AFDF1CF2D0C10047DFB0 /* QueryFormController.swift */; };
		3AE7AFE21CF2D3190047DFB0 /* HelplineNumberController.swift in Sources */ = {isa = PBXBuildFile; fileRef = 3AE7AFE11CF2D3190047DFB0 /* HelplineNumberController.swift */; };
		3AE7AFE41CF2D8C80047DFB0 /* BenefitSummaryController.swift in Sources */ = {isa = PBXBuildFile; fileRef = 3AE7AFE31CF2D8C80047DFB0 /* BenefitSummaryController.swift */; };
		3AE7AFE61CF2D9060047DFB0 /* HospitalSearchController.swift in Sources */ = {isa = PBXBuildFile; fileRef = 3AE7AFE51CF2D9060047DFB0 /* HospitalSearchController.swift */; };
		3AE7AFE81CF2D9330047DFB0 /* InboxController.swift in Sources */ = {isa = PBXBuildFile; fileRef = 3AE7AFE71CF2D9330047DFB0 /* InboxController.swift */; };
		3AEEB00E1CE7023E0085EEF5 /* subHeader.xib in Resources */ = {isa = PBXBuildFile; fileRef = 3AEEB00D1CE7023E0085EEF5 /* subHeader.xib */; };
		3AEEB0101CE705B60085EEF5 /* subHeader.swift in Sources */ = {isa = PBXBuildFile; fileRef = 3AEEB00F1CE705B60085EEF5 /* subHeader.swift */; };
		3AEEB0131CE70F3D0085EEF5 /* helpDesk.xib in Resources */ = {isa = PBXBuildFile; fileRef = 3AEEB0121CE70F3D0085EEF5 /* helpDesk.xib */; };
		3AEEB0151CE731050085EEF5 /* helpDesk.swift in Sources */ = {isa = PBXBuildFile; fileRef = 3AEEB0141CE731050085EEF5 /* helpDesk.swift */; };
		3AEEB0171CE7344C0085EEF5 /* HelpDeskController.swift in Sources */ = {isa = PBXBuildFile; fileRef = 3AEEB0161CE7344C0085EEF5 /* HelpDeskController.swift */; };
		3AEEB01A1CE745F90085EEF5 /* helpDeskFAQ.xib in Resources */ = {isa = PBXBuildFile; fileRef = 3AEEB0191CE745F90085EEF5 /* helpDeskFAQ.xib */; };
		3AEEB01C1CE74C770085EEF5 /* helpDeskFAQ.swift in Sources */ = {isa = PBXBuildFile; fileRef = 3AEEB01B1CE74C770085EEF5 /* helpDeskFAQ.swift */; };
		3AEEB01F1CE74D820085EEF5 /* helpDeskQuery.xib in Resources */ = {isa = PBXBuildFile; fileRef = 3AEEB01E1CE74D820085EEF5 /* helpDeskQuery.xib */; };
		3AEEB0211CE7504B0085EEF5 /* helpDeskQuery.swift in Sources */ = {isa = PBXBuildFile; fileRef = 3AEEB0201CE7504B0085EEF5 /* helpDeskQuery.swift */; };
		3AEEB0241CE7515C0085EEF5 /* connect.xib in Resources */ = {isa = PBXBuildFile; fileRef = 3AEEB0231CE7515C0085EEF5 /* connect.xib */; };
		3AEEB0261CE75DEF0085EEF5 /* connect.swift in Sources */ = {isa = PBXBuildFile; fileRef = 3AEEB0251CE75DEF0085EEF5 /* connect.swift */; };
		3AF76BAE1CE5A6E500ADCAAF /* footer.xib in Resources */ = {isa = PBXBuildFile; fileRef = 3AF76BAD1CE5A6E500ADCAAF /* footer.xib */; };
		3AF76BB01CE5ABC100ADCAAF /* footer.swift in Sources */ = {isa = PBXBuildFile; fileRef = 3AF76BAF1CE5ABC100ADCAAF /* footer.swift */; };
		3AF76BB21CE5BEEA00ADCAAF /* InsuredMembersController.swift in Sources */ = {isa = PBXBuildFile; fileRef = 3AF76BB11CE5BEEA00ADCAAF /* InsuredMembersController.swift */; };
		3AFE38991CE472CE0062A497 /* memberList.swift in Sources */ = {isa = PBXBuildFile; fileRef = 3AFE38981CE472CE0062A497 /* memberList.swift */; };
		3AFE389C1CE4932D0062A497 /* insuredMembersAll.xib in Resources */ = {isa = PBXBuildFile; fileRef = 3AFE389B1CE4932D0062A497 /* insuredMembersAll.xib */; };
		439CE6431D000B2E00FA1B26 /* Popups.swift in Sources */ = {isa = PBXBuildFile; fileRef = 439CE6421D000B2E00FA1B26 /* Popups.swift */; };
		43D6FF3E1CFC4510008361B2 /* RestApi.swift in Sources */ = {isa = PBXBuildFile; fileRef = 43D6FF3D1CFC4510008361B2 /* RestApi.swift */; };
		43D6FF401CFEA991008361B2 /* SwiftyJSON.framework in Frameworks */ = {isa = PBXBuildFile; fileRef = 43D6FF3F1CFEA991008361B2 /* SwiftyJSON.framework */; };
		43D6FF431CFEE486008361B2 /* pickDate.xib in Resources */ = {isa = PBXBuildFile; fileRef = 43D6FF421CFEE486008361B2 /* pickDate.xib */; };
		43D6FF471CFEE7C2008361B2 /* pickDate.swift in Sources */ = {isa = PBXBuildFile; fileRef = 43D6FF461CFEE7C2008361B2 /* pickDate.swift */; };
		6D035D043B54B0670FDFCF32 /* Pods_MediManageTests.framework in Frameworks */ = {isa = PBXBuildFile; fileRef = 1350669CA9DD04202B9A6DA6 /* Pods_MediManageTests.framework */; };
		783322951CD9FB1B0015CE37 /* login.xib in Resources */ = {isa = PBXBuildFile; fileRef = 783322941CD9FB1B0015CE37 /* login.xib */; };
		783322971CD9FCD90015CE37 /* login.swift in Sources */ = {isa = PBXBuildFile; fileRef = 783322961CD9FCD90015CE37 /* login.swift */; };
		783322A61CDB13CE0015CE37 /* signup.xib in Resources */ = {isa = PBXBuildFile; fileRef = 783322A51CDB13CE0015CE37 /* signup.xib */; };
		783322A81CDB13ED0015CE37 /* signup.swift in Sources */ = {isa = PBXBuildFile; fileRef = 783322A71CDB13ED0015CE37 /* signup.swift */; };
		783322AB1CDB37FE0015CE37 /* onboarding.swift in Sources */ = {isa = PBXBuildFile; fileRef = 783322AA1CDB37FE0015CE37 /* onboarding.swift */; };
		783322AD1CDB380C0015CE37 /* onboarding.xib in Resources */ = {isa = PBXBuildFile; fileRef = 783322AC1CDB380C0015CE37 /* onboarding.xib */; };
		783322B01CDB50D10015CE37 /* landing.xib in Resources */ = {isa = PBXBuildFile; fileRef = 783322AF1CDB50D10015CE37 /* landing.xib */; };
		783322B21CDB50E50015CE37 /* landing.swift in Sources */ = {isa = PBXBuildFile; fileRef = 783322B11CDB50E50015CE37 /* landing.swift */; };
		783322B51CDB7B4F0015CE37 /* completeProfile.swift in Sources */ = {isa = PBXBuildFile; fileRef = 783322B41CDB7B4F0015CE37 /* completeProfile.swift */; };
		783322B71CDB7B620015CE37 /* completeProfile.xib in Resources */ = {isa = PBXBuildFile; fileRef = 783322B61CDB7B620015CE37 /* completeProfile.xib */; };
		786DF9FA1CD214F300DDE769 /* AppDelegate.swift in Sources */ = {isa = PBXBuildFile; fileRef = 786DF9F91CD214F300DDE769 /* AppDelegate.swift */; };
		786DF9FC1CD214F300DDE769 /* ViewController.swift in Sources */ = {isa = PBXBuildFile; fileRef = 786DF9FB1CD214F300DDE769 /* ViewController.swift */; };
		786DF9FF1CD214F300DDE769 /* Main.storyboard in Resources */ = {isa = PBXBuildFile; fileRef = 786DF9FD1CD214F300DDE769 /* Main.storyboard */; };
		786DFA011CD214F300DDE769 /* Assets.xcassets in Resources */ = {isa = PBXBuildFile; fileRef = 786DFA001CD214F300DDE769 /* Assets.xcassets */; };
		786DFA041CD214F300DDE769 /* LaunchScreen.storyboard in Resources */ = {isa = PBXBuildFile; fileRef = 786DFA021CD214F300DDE769 /* LaunchScreen.storyboard */; };
		786DFA0F1CD214F300DDE769 /* Medi_ManageTests.swift in Sources */ = {isa = PBXBuildFile; fileRef = 786DFA0E1CD214F300DDE769 /* Medi_ManageTests.swift */; };
		786DFA1A1CD214F300DDE769 /* Medi_ManageUITests.swift in Sources */ = {isa = PBXBuildFile; fileRef = 786DFA191CD214F300DDE769 /* Medi_ManageUITests.swift */; };
		78B90BD11CE05C7C0022FE7A /* retrieveLogin.xib in Resources */ = {isa = PBXBuildFile; fileRef = 78B90BD01CE05C7C0022FE7A /* retrieveLogin.xib */; };
		78B90BD31CE05C8D0022FE7A /* retrieveLogin.swift in Sources */ = {isa = PBXBuildFile; fileRef = 78B90BD21CE05C8D0022FE7A /* retrieveLogin.swift */; };
		78B90BD51CE0676E0022FE7A /* generateOTP.swift in Sources */ = {isa = PBXBuildFile; fileRef = 78B90BD41CE0676E0022FE7A /* generateOTP.swift */; };
		78B90BD71CE067810022FE7A /* generateOTP.xib in Resources */ = {isa = PBXBuildFile; fileRef = 78B90BD61CE067810022FE7A /* generateOTP.xib */; };
		78B90BD91CE067950022FE7A /* enterOTP.xib in Resources */ = {isa = PBXBuildFile; fileRef = 78B90BD81CE067950022FE7A /* enterOTP.xib */; };
		78B90BDB1CE067DA0022FE7A /* enterOTP.swift in Sources */ = {isa = PBXBuildFile; fileRef = 78B90BDA1CE067DA0022FE7A /* enterOTP.swift */; };
		C2382C201D0AA43D00DC0073 /* Alamofire.framework in Frameworks */ = {isa = PBXBuildFile; fileRef = C2382C1F1D0AA43D00DC0073 /* Alamofire.framework */; };
		C2A59E8F1CDDDF700093CFEC /* Lato-Black.ttf in Resources */ = {isa = PBXBuildFile; fileRef = C2A59E8A1CDDDF700093CFEC /* Lato-Black.ttf */; };
		C2A59E901CDDDF700093CFEC /* Lato-Bold.ttf in Resources */ = {isa = PBXBuildFile; fileRef = C2A59E8B1CDDDF700093CFEC /* Lato-Bold.ttf */; };
		C2A59E911CDDDF700093CFEC /* Lato-Hairline.ttf in Resources */ = {isa = PBXBuildFile; fileRef = C2A59E8C1CDDDF700093CFEC /* Lato-Hairline.ttf */; };
		C2A59E921CDDDF700093CFEC /* Lato-Light.ttf in Resources */ = {isa = PBXBuildFile; fileRef = C2A59E8D1CDDDF700093CFEC /* Lato-Light.ttf */; };
		C2A59E931CDDDF700093CFEC /* Lato-Regular.ttf in Resources */ = {isa = PBXBuildFile; fileRef = C2A59E8E1CDDDF700093CFEC /* Lato-Regular.ttf */; };
		C2B4401F1D1BF5A4003EECDB /* EmployeeGroupDTO.swift in Sources */ = {isa = PBXBuildFile; fileRef = C2B4401E1D1BF5A4003EECDB /* EmployeeGroupDTO.swift */; };
		D8D3151E89FAD52E9DE47D70 /* Pods_MediManageUITests.framework in Frameworks */ = {isa = PBXBuildFile; fileRef = C42FA52A5495CA29BD934BCF /* Pods_MediManageUITests.framework */; };
/* End PBXBuildFile section */

/* Begin PBXContainerItemProxy section */
		786DFA0B1CD214F300DDE769 /* PBXContainerItemProxy */ = {
			isa = PBXContainerItemProxy;
			containerPortal = 786DF9EE1CD214F300DDE769 /* Project object */;
			proxyType = 1;
			remoteGlobalIDString = 786DF9F51CD214F300DDE769;
			remoteInfo = "Medi Manage";
		};
		786DFA161CD214F300DDE769 /* PBXContainerItemProxy */ = {
			isa = PBXContainerItemProxy;
			containerPortal = 786DF9EE1CD214F300DDE769 /* Project object */;
			proxyType = 1;
			remoteGlobalIDString = 786DF9F51CD214F300DDE769;
			remoteInfo = "Medi Manage";
		};
/* End PBXContainerItemProxy section */

/* Begin PBXFileReference section */
		1350669CA9DD04202B9A6DA6 /* Pods_MediManageTests.framework */ = {isa = PBXFileReference; explicitFileType = wrapper.framework; includeInIndex = 0; path = Pods_MediManageTests.framework; sourceTree = BUILT_PRODUCTS_DIR; };
		2929E7673A1840B6947EC786 /* Pods-MediManageTests.release.xcconfig */ = {isa = PBXFileReference; includeInIndex = 1; lastKnownFileType = text.xcconfig; name = "Pods-MediManageTests.release.xcconfig"; path = "Pods/Target Support Files/Pods-MediManageTests/Pods-MediManageTests.release.xcconfig"; sourceTree = "<group>"; };
		3A0175291CE3589400832E49 /* insuredMembers.xib */ = {isa = PBXFileReference; fileEncoding = 4; lastKnownFileType = file.xib; path = insuredMembers.xib; sourceTree = "<group>"; };
		3A01752B1CE360FF00832E49 /* insuredMembers.swift */ = {isa = PBXFileReference; fileEncoding = 4; lastKnownFileType = sourcecode.swift; path = insuredMembers.swift; sourceTree = "<group>"; };
		3A01752E1CE364AD00832E49 /* header.xib */ = {isa = PBXFileReference; fileEncoding = 4; lastKnownFileType = file.xib; path = header.xib; sourceTree = "<group>"; };
		3A0175301CE369AB00832E49 /* header.swift */ = {isa = PBXFileReference; fileEncoding = 4; lastKnownFileType = sourcecode.swift; path = header.swift; sourceTree = "<group>"; };
		3A1369AD1CE4566500BEE355 /* memberList.xib */ = {isa = PBXFileReference; fileEncoding = 4; lastKnownFileType = file.xib; path = memberList.xib; sourceTree = "<group>"; };
		3A1A5AE01CEC988A00AD2564 /* DocumentChecklistController.swift */ = {isa = PBXFileReference; fileEncoding = 4; lastKnownFileType = sourcecode.swift; path = DocumentChecklistController.swift; sourceTree = "<group>"; };
		3A3191171CEF4076001DCBBC /* SplashScreenController.swift */ = {isa = PBXFileReference; fileEncoding = 4; lastKnownFileType = sourcecode.swift; path = SplashScreenController.swift; sourceTree = "<group>"; };
		3A3191191CEF40AB001DCBBC /* PageViewerController.swift */ = {isa = PBXFileReference; fileEncoding = 4; lastKnownFileType = sourcecode.swift; path = PageViewerController.swift; sourceTree = "<group>"; };
		3A31911C1CEF41D7001DCBBC /* splashScreen.xib */ = {isa = PBXFileReference; fileEncoding = 4; lastKnownFileType = file.xib; path = splashScreen.xib; sourceTree = "<group>"; };
		3A481F341CE3151900BB8A73 /* premiumCalculation.swift */ = {isa = PBXFileReference; fileEncoding = 4; lastKnownFileType = sourcecode.swift; path = premiumCalculation.swift; sourceTree = "<group>"; };
		3A677B621CE49F7F003B8C2B /* insuredMembersAll.swift */ = {isa = PBXFileReference; fileEncoding = 4; lastKnownFileType = sourcecode.swift; path = insuredMembersAll.swift; sourceTree = "<group>"; };
		3A677B641CE4B2D3003B8C2B /* LoginController.swift */ = {isa = PBXFileReference; fileEncoding = 4; lastKnownFileType = sourcecode.swift; path = LoginController.swift; sourceTree = "<group>"; };
		3A677B661CE4B384003B8C2B /* SignupController.swift */ = {isa = PBXFileReference; fileEncoding = 4; lastKnownFileType = sourcecode.swift; path = SignupController.swift; sourceTree = "<group>"; };
		3A677B681CE4B539003B8C2B /* CompleteProfileController.swift */ = {isa = PBXFileReference; fileEncoding = 4; lastKnownFileType = sourcecode.swift; path = CompleteProfileController.swift; sourceTree = "<group>"; };
		3A677B6A1CE4B90C003B8C2B /* RetrieveLoginController.swift */ = {isa = PBXFileReference; fileEncoding = 4; lastKnownFileType = sourcecode.swift; path = RetrieveLoginController.swift; sourceTree = "<group>"; };
		3A677B6C1CE4BBDE003B8C2B /* GenerateOTPController.swift */ = {isa = PBXFileReference; fileEncoding = 4; lastKnownFileType = sourcecode.swift; path = GenerateOTPController.swift; sourceTree = "<group>"; };
		3A677B6E1CE4BEC0003B8C2B /* EnterOTPController.swift */ = {isa = PBXFileReference; fileEncoding = 4; lastKnownFileType = sourcecode.swift; path = EnterOTPController.swift; sourceTree = "<group>"; };
		3A6C4E441CF48B3D0056D46F /* SlideMenuController.swift */ = {isa = PBXFileReference; fileEncoding = 4; lastKnownFileType = sourcecode.swift; path = SlideMenuController.swift; sourceTree = "<group>"; };
		3A72C7241CEAE81100B5412E /* preAuthorizationOne.xib */ = {isa = PBXFileReference; fileEncoding = 4; lastKnownFileType = file.xib; path = preAuthorizationOne.xib; sourceTree = "<group>"; };
		3A72C7261CEAEDC400B5412E /* MainClaimsController.swift */ = {isa = PBXFileReference; fileEncoding = 4; lastKnownFileType = sourcecode.swift; path = MainClaimsController.swift; sourceTree = "<group>"; };
		3A72C7281CEB28D600B5412E /* preAuthorizationOne.swift */ = {isa = PBXFileReference; fileEncoding = 4; lastKnownFileType = sourcecode.swift; path = preAuthorizationOne.swift; sourceTree = "<group>"; };
		3A72C72B1CEB454100B5412E /* helplineNumber.xib */ = {isa = PBXFileReference; fileEncoding = 4; lastKnownFileType = file.xib; path = helplineNumber.xib; sourceTree = "<group>"; };
		3A72C72D1CEB4F7500B5412E /* helplineNumber.swift */ = {isa = PBXFileReference; fileEncoding = 4; lastKnownFileType = sourcecode.swift; path = helplineNumber.swift; sourceTree = "<group>"; };
		3A74A7CF1CF41FCA00592B3E /* tutorial.xib */ = {isa = PBXFileReference; fileEncoding = 4; lastKnownFileType = file.xib; path = tutorial.xib; sourceTree = "<group>"; };
		3A74A7D11CF4216500592B3E /* tutorial.swift */ = {isa = PBXFileReference; fileEncoding = 4; lastKnownFileType = sourcecode.swift; path = tutorial.swift; sourceTree = "<group>"; };
		3A74A7D31CF422DA00592B3E /* TutorialController.swift */ = {isa = PBXFileReference; fileEncoding = 4; lastKnownFileType = sourcecode.swift; path = TutorialController.swift; sourceTree = "<group>"; };
		3A74A7D61CF43BFC00592B3E /* MainMenuController.swift */ = {isa = PBXFileReference; fileEncoding = 4; lastKnownFileType = sourcecode.swift; path = MainMenuController.swift; sourceTree = "<group>"; };
		3A79A7C11CF0431E008B693B /* HelpDeskFAQController.swift */ = {isa = PBXFileReference; fileEncoding = 4; lastKnownFileType = sourcecode.swift; path = HelpDeskFAQController.swift; sourceTree = "<group>"; };
		3A79A7C41CF044DF008B693B /* HelpDeskQueryController.swift */ = {isa = PBXFileReference; fileEncoding = 4; lastKnownFileType = sourcecode.swift; path = HelpDeskQueryController.swift; sourceTree = "<group>"; };
		3A79A7C61CF045F0008B693B /* ConnectController.swift */ = {isa = PBXFileReference; fileEncoding = 4; lastKnownFileType = sourcecode.swift; path = ConnectController.swift; sourceTree = "<group>"; };
		3A79A7C81CF06652008B693B /* ClaimFormController.swift */ = {isa = PBXFileReference; fileEncoding = 4; lastKnownFileType = sourcecode.swift; path = ClaimFormController.swift; sourceTree = "<group>"; };
		3A79A7CA1CF06702008B693B /* MyClaimController.swift */ = {isa = PBXFileReference; fileEncoding = 4; lastKnownFileType = sourcecode.swift; path = MyClaimController.swift; sourceTree = "<group>"; };
		3A79A7CC1CF06AA0008B693B /* PreAuthorizationOneController.swift */ = {isa = PBXFileReference; fileEncoding = 4; lastKnownFileType = sourcecode.swift; path = PreAuthorizationOneController.swift; sourceTree = "<group>"; };
		3A79A7CE1CF06ADC008B693B /* PreAuthorizationTwoController.swift */ = {isa = PBXFileReference; fileEncoding = 4; lastKnownFileType = sourcecode.swift; path = PreAuthorizationTwoController.swift; sourceTree = "<group>"; };
		3A8774BB1CEC3783001DB41F /* preAuthorizationTwo.xib */ = {isa = PBXFileReference; fileEncoding = 4; lastKnownFileType = file.xib; path = preAuthorizationTwo.xib; sourceTree = "<group>"; };
		3A8774BD1CEC38E6001DB41F /* preAuthorizationTwo.swift */ = {isa = PBXFileReference; fileEncoding = 4; lastKnownFileType = sourcecode.swift; path = preAuthorizationTwo.swift; sourceTree = "<group>"; };
		3A8774C01CEC41C1001DB41F /* queryForm.xib */ = {isa = PBXFileReference; fileEncoding = 4; lastKnownFileType = file.xib; path = queryForm.xib; sourceTree = "<group>"; };
		3A8774C21CEC4E62001DB41F /* queryForm.swift */ = {isa = PBXFileReference; fileEncoding = 4; lastKnownFileType = sourcecode.swift; path = queryForm.swift; sourceTree = "<group>"; };
		3A8EFB501CE99EBA004489F3 /* hospitalSearch.xib */ = {isa = PBXFileReference; fileEncoding = 4; lastKnownFileType = file.xib; path = hospitalSearch.xib; sourceTree = "<group>"; };
		3A8EFB521CE9A463004489F3 /* hospitalSearch.swift */ = {isa = PBXFileReference; fileEncoding = 4; lastKnownFileType = sourcecode.swift; path = hospitalSearch.swift; sourceTree = "<group>"; };
		3A8EFB551CE9C3A3004489F3 /* inbox.xib */ = {isa = PBXFileReference; fileEncoding = 4; lastKnownFileType = file.xib; path = inbox.xib; sourceTree = "<group>"; };
		3A8EFB571CE9CA54004489F3 /* inbox.swift */ = {isa = PBXFileReference; fileEncoding = 4; lastKnownFileType = sourcecode.swift; path = inbox.swift; sourceTree = "<group>"; };
		3A8EFB5A1CE9D31B004489F3 /* homeMenus.xib */ = {isa = PBXFileReference; fileEncoding = 4; lastKnownFileType = file.xib; path = homeMenus.xib; sourceTree = "<group>"; };
		3A8EFB5C1CE9DE53004489F3 /* homeMenus.swift */ = {isa = PBXFileReference; fileEncoding = 4; lastKnownFileType = sourcecode.swift; path = homeMenus.swift; sourceTree = "<group>"; };
		3A8EFB5F1CE9E0BA004489F3 /* claimForm.xib */ = {isa = PBXFileReference; fileEncoding = 4; lastKnownFileType = file.xib; path = claimForm.xib; sourceTree = "<group>"; };
		3A8EFB611CE9E742004489F3 /* claimForm.swift */ = {isa = PBXFileReference; fileEncoding = 4; lastKnownFileType = sourcecode.swift; path = claimForm.swift; sourceTree = "<group>"; };
		3A992F031CED918100D85D8A /* benefitSummary.xib */ = {isa = PBXFileReference; fileEncoding = 4; lastKnownFileType = file.xib; path = benefitSummary.xib; sourceTree = "<group>"; };
		3A992F051CED997400D85D8A /* benefitSummary.swift */ = {isa = PBXFileReference; fileEncoding = 4; lastKnownFileType = sourcecode.swift; path = benefitSummary.swift; sourceTree = "<group>"; };
		3A992F071CEDD21700D85D8A /* ClaimIntimationController.swift */ = {isa = PBXFileReference; fileEncoding = 4; lastKnownFileType = sourcecode.swift; path = ClaimIntimationController.swift; sourceTree = "<group>"; };
		3A992F091CEDF25F00D85D8A /* HospitalSearchResultController.swift */ = {isa = PBXFileReference; fileEncoding = 4; lastKnownFileType = sourcecode.swift; path = HospitalSearchResultController.swift; sourceTree = "<group>"; };
		3AC43DCE1CE9FC1500ED2523 /* myClaims.xib */ = {isa = PBXFileReference; fileEncoding = 4; lastKnownFileType = file.xib; path = myClaims.xib; sourceTree = "<group>"; };
		3AC43DD01CEA00E100ED2523 /* myClaims.swift */ = {isa = PBXFileReference; fileEncoding = 4; lastKnownFileType = sourcecode.swift; path = myClaims.swift; sourceTree = "<group>"; };
		3ACFB29F1CE4C369003766D8 /* EnrollmentMembersController.swift */ = {isa = PBXFileReference; fileEncoding = 4; lastKnownFileType = sourcecode.swift; path = EnrollmentMembersController.swift; sourceTree = "<group>"; };
		3ACFB2A11CE4C3A0003766D8 /* MemberListController.swift */ = {isa = PBXFileReference; fileEncoding = 4; lastKnownFileType = sourcecode.swift; path = MemberListController.swift; sourceTree = "<group>"; };
		3ACFB2A31CE4C410003766D8 /* PremiumCalculationController.swift */ = {isa = PBXFileReference; fileEncoding = 4; lastKnownFileType = sourcecode.swift; path = PremiumCalculationController.swift; sourceTree = "<group>"; };
		3AD3E5271CE1DE1D00900A93 /* enrollmentMembers.xib */ = {isa = PBXFileReference; fileEncoding = 4; lastKnownFileType = file.xib; path = enrollmentMembers.xib; sourceTree = "<group>"; };
		3AD3E5291CE1F87B00900A93 /* enrollmentMembers.swift */ = {isa = PBXFileReference; fileEncoding = 4; lastKnownFileType = sourcecode.swift; path = enrollmentMembers.swift; sourceTree = "<group>"; };
		3AD3E52C1CE20A1900900A93 /* premiumCalculation.xib */ = {isa = PBXFileReference; fileEncoding = 4; lastKnownFileType = file.xib; path = premiumCalculation.xib; sourceTree = "<group>"; };
		3AE7AFDF1CF2D0C10047DFB0 /* QueryFormController.swift */ = {isa = PBXFileReference; fileEncoding = 4; lastKnownFileType = sourcecode.swift; path = QueryFormController.swift; sourceTree = "<group>"; };
		3AE7AFE11CF2D3190047DFB0 /* HelplineNumberController.swift */ = {isa = PBXFileReference; fileEncoding = 4; lastKnownFileType = sourcecode.swift; path = HelplineNumberController.swift; sourceTree = "<group>"; };
		3AE7AFE31CF2D8C80047DFB0 /* BenefitSummaryController.swift */ = {isa = PBXFileReference; fileEncoding = 4; lastKnownFileType = sourcecode.swift; path = BenefitSummaryController.swift; sourceTree = "<group>"; };
		3AE7AFE51CF2D9060047DFB0 /* HospitalSearchController.swift */ = {isa = PBXFileReference; fileEncoding = 4; lastKnownFileType = sourcecode.swift; path = HospitalSearchController.swift; sourceTree = "<group>"; };
		3AE7AFE71CF2D9330047DFB0 /* InboxController.swift */ = {isa = PBXFileReference; fileEncoding = 4; lastKnownFileType = sourcecode.swift; path = InboxController.swift; sourceTree = "<group>"; };
		3AEEB00D1CE7023E0085EEF5 /* subHeader.xib */ = {isa = PBXFileReference; fileEncoding = 4; lastKnownFileType = file.xib; path = subHeader.xib; sourceTree = "<group>"; };
		3AEEB00F1CE705B60085EEF5 /* subHeader.swift */ = {isa = PBXFileReference; fileEncoding = 4; lastKnownFileType = sourcecode.swift; path = subHeader.swift; sourceTree = "<group>"; };
		3AEEB0121CE70F3D0085EEF5 /* helpDesk.xib */ = {isa = PBXFileReference; fileEncoding = 4; lastKnownFileType = file.xib; path = helpDesk.xib; sourceTree = "<group>"; };
		3AEEB0141CE731050085EEF5 /* helpDesk.swift */ = {isa = PBXFileReference; fileEncoding = 4; lastKnownFileType = sourcecode.swift; path = helpDesk.swift; sourceTree = "<group>"; };
		3AEEB0161CE7344C0085EEF5 /* HelpDeskController.swift */ = {isa = PBXFileReference; fileEncoding = 4; lastKnownFileType = sourcecode.swift; path = HelpDeskController.swift; sourceTree = "<group>"; };
		3AEEB0191CE745F90085EEF5 /* helpDeskFAQ.xib */ = {isa = PBXFileReference; fileEncoding = 4; lastKnownFileType = file.xib; path = helpDeskFAQ.xib; sourceTree = "<group>"; };
		3AEEB01B1CE74C770085EEF5 /* helpDeskFAQ.swift */ = {isa = PBXFileReference; fileEncoding = 4; lastKnownFileType = sourcecode.swift; path = helpDeskFAQ.swift; sourceTree = "<group>"; };
		3AEEB01E1CE74D820085EEF5 /* helpDeskQuery.xib */ = {isa = PBXFileReference; fileEncoding = 4; lastKnownFileType = file.xib; path = helpDeskQuery.xib; sourceTree = "<group>"; };
		3AEEB0201CE7504B0085EEF5 /* helpDeskQuery.swift */ = {isa = PBXFileReference; fileEncoding = 4; lastKnownFileType = sourcecode.swift; path = helpDeskQuery.swift; sourceTree = "<group>"; };
		3AEEB0231CE7515C0085EEF5 /* connect.xib */ = {isa = PBXFileReference; fileEncoding = 4; lastKnownFileType = file.xib; path = connect.xib; sourceTree = "<group>"; };
		3AEEB0251CE75DEF0085EEF5 /* connect.swift */ = {isa = PBXFileReference; fileEncoding = 4; lastKnownFileType = sourcecode.swift; path = connect.swift; sourceTree = "<group>"; };
		3AF76BAD1CE5A6E500ADCAAF /* footer.xib */ = {isa = PBXFileReference; fileEncoding = 4; lastKnownFileType = file.xib; path = footer.xib; sourceTree = "<group>"; };
		3AF76BAF1CE5ABC100ADCAAF /* footer.swift */ = {isa = PBXFileReference; fileEncoding = 4; lastKnownFileType = sourcecode.swift; path = footer.swift; sourceTree = "<group>"; };
		3AF76BB11CE5BEEA00ADCAAF /* InsuredMembersController.swift */ = {isa = PBXFileReference; fileEncoding = 4; lastKnownFileType = sourcecode.swift; path = InsuredMembersController.swift; sourceTree = "<group>"; };
		3AFE38981CE472CE0062A497 /* memberList.swift */ = {isa = PBXFileReference; fileEncoding = 4; lastKnownFileType = sourcecode.swift; path = memberList.swift; sourceTree = "<group>"; };
		3AFE389B1CE4932D0062A497 /* insuredMembersAll.xib */ = {isa = PBXFileReference; fileEncoding = 4; lastKnownFileType = file.xib; path = insuredMembersAll.xib; sourceTree = "<group>"; };
		439CE6421D000B2E00FA1B26 /* Popups.swift */ = {isa = PBXFileReference; fileEncoding = 4; lastKnownFileType = sourcecode.swift; path = Popups.swift; sourceTree = "<group>"; };
		43D6FF3D1CFC4510008361B2 /* RestApi.swift */ = {isa = PBXFileReference; fileEncoding = 4; lastKnownFileType = sourcecode.swift; path = RestApi.swift; sourceTree = "<group>"; };
		43D6FF3F1CFEA991008361B2 /* SwiftyJSON.framework */ = {isa = PBXFileReference; lastKnownFileType = wrapper.framework; name = SwiftyJSON.framework; path = "../../../Library/Developer/Xcode/DerivedData/MediManage-ghratazetbrpzxcyzuyyfgayymjf/Build/Products/Debug-iphoneos/SwiftyJSON/SwiftyJSON.framework"; sourceTree = "<group>"; };
		43D6FF421CFEE486008361B2 /* pickDate.xib */ = {isa = PBXFileReference; fileEncoding = 4; lastKnownFileType = file.xib; path = pickDate.xib; sourceTree = "<group>"; };
		43D6FF461CFEE7C2008361B2 /* pickDate.swift */ = {isa = PBXFileReference; fileEncoding = 4; lastKnownFileType = sourcecode.swift; path = pickDate.swift; sourceTree = "<group>"; };
		4415F35FCFCB220C77D14407 /* Pods-MediManage.release.xcconfig */ = {isa = PBXFileReference; includeInIndex = 1; lastKnownFileType = text.xcconfig; name = "Pods-MediManage.release.xcconfig"; path = "Pods/Target Support Files/Pods-MediManage/Pods-MediManage.release.xcconfig"; sourceTree = "<group>"; };
		5D3E6004712544B1610851F3 /* Pods-MediManageUITests.debug.xcconfig */ = {isa = PBXFileReference; includeInIndex = 1; lastKnownFileType = text.xcconfig; name = "Pods-MediManageUITests.debug.xcconfig"; path = "Pods/Target Support Files/Pods-MediManageUITests/Pods-MediManageUITests.debug.xcconfig"; sourceTree = "<group>"; };
		783322941CD9FB1B0015CE37 /* login.xib */ = {isa = PBXFileReference; fileEncoding = 4; lastKnownFileType = file.xib; path = login.xib; sourceTree = "<group>"; };
		783322961CD9FCD90015CE37 /* login.swift */ = {isa = PBXFileReference; fileEncoding = 4; lastKnownFileType = sourcecode.swift; path = login.swift; sourceTree = "<group>"; };
		783322A51CDB13CE0015CE37 /* signup.xib */ = {isa = PBXFileReference; fileEncoding = 4; lastKnownFileType = file.xib; path = signup.xib; sourceTree = "<group>"; };
		783322A71CDB13ED0015CE37 /* signup.swift */ = {isa = PBXFileReference; fileEncoding = 4; lastKnownFileType = sourcecode.swift; path = signup.swift; sourceTree = "<group>"; };
		783322AA1CDB37FE0015CE37 /* onboarding.swift */ = {isa = PBXFileReference; fileEncoding = 4; lastKnownFileType = sourcecode.swift; path = onboarding.swift; sourceTree = "<group>"; };
		783322AC1CDB380C0015CE37 /* onboarding.xib */ = {isa = PBXFileReference; fileEncoding = 4; lastKnownFileType = file.xib; path = onboarding.xib; sourceTree = "<group>"; };
		783322AF1CDB50D10015CE37 /* landing.xib */ = {isa = PBXFileReference; fileEncoding = 4; lastKnownFileType = file.xib; path = landing.xib; sourceTree = "<group>"; };
		783322B11CDB50E50015CE37 /* landing.swift */ = {isa = PBXFileReference; fileEncoding = 4; lastKnownFileType = sourcecode.swift; path = landing.swift; sourceTree = "<group>"; };
		783322B41CDB7B4F0015CE37 /* completeProfile.swift */ = {isa = PBXFileReference; fileEncoding = 4; lastKnownFileType = sourcecode.swift; path = completeProfile.swift; sourceTree = "<group>"; };
		783322B61CDB7B620015CE37 /* completeProfile.xib */ = {isa = PBXFileReference; fileEncoding = 4; lastKnownFileType = file.xib; path = completeProfile.xib; sourceTree = "<group>"; };
		786DF9F61CD214F300DDE769 /* MediManage.app */ = {isa = PBXFileReference; explicitFileType = wrapper.application; includeInIndex = 0; path = MediManage.app; sourceTree = BUILT_PRODUCTS_DIR; };
		786DF9F91CD214F300DDE769 /* AppDelegate.swift */ = {isa = PBXFileReference; lastKnownFileType = sourcecode.swift; path = AppDelegate.swift; sourceTree = "<group>"; };
		786DF9FB1CD214F300DDE769 /* ViewController.swift */ = {isa = PBXFileReference; lastKnownFileType = sourcecode.swift; path = ViewController.swift; sourceTree = "<group>"; };
		786DF9FE1CD214F300DDE769 /* Base */ = {isa = PBXFileReference; lastKnownFileType = file.storyboard; name = Base; path = Base.lproj/Main.storyboard; sourceTree = "<group>"; };
		786DFA001CD214F300DDE769 /* Assets.xcassets */ = {isa = PBXFileReference; lastKnownFileType = folder.assetcatalog; path = Assets.xcassets; sourceTree = "<group>"; };
		786DFA031CD214F300DDE769 /* Base */ = {isa = PBXFileReference; lastKnownFileType = file.storyboard; name = Base; path = Base.lproj/LaunchScreen.storyboard; sourceTree = "<group>"; };
		786DFA051CD214F300DDE769 /* Info.plist */ = {isa = PBXFileReference; lastKnownFileType = text.plist.xml; path = Info.plist; sourceTree = "<group>"; };
		786DFA0A1CD214F300DDE769 /* MediManage.xctest */ = {isa = PBXFileReference; explicitFileType = wrapper.cfbundle; includeInIndex = 0; path = MediManage.xctest; sourceTree = BUILT_PRODUCTS_DIR; };
		786DFA0E1CD214F300DDE769 /* Medi_ManageTests.swift */ = {isa = PBXFileReference; lastKnownFileType = sourcecode.swift; path = Medi_ManageTests.swift; sourceTree = "<group>"; };
		786DFA101CD214F300DDE769 /* Info.plist */ = {isa = PBXFileReference; lastKnownFileType = text.plist.xml; path = Info.plist; sourceTree = "<group>"; };
		786DFA151CD214F300DDE769 /* MediManage.xctest */ = {isa = PBXFileReference; explicitFileType = wrapper.cfbundle; includeInIndex = 0; path = MediManage.xctest; sourceTree = BUILT_PRODUCTS_DIR; };
		786DFA191CD214F300DDE769 /* Medi_ManageUITests.swift */ = {isa = PBXFileReference; lastKnownFileType = sourcecode.swift; path = Medi_ManageUITests.swift; sourceTree = "<group>"; };
		786DFA1B1CD214F300DDE769 /* Info.plist */ = {isa = PBXFileReference; lastKnownFileType = text.plist.xml; path = Info.plist; sourceTree = "<group>"; };
		78B90BD01CE05C7C0022FE7A /* retrieveLogin.xib */ = {isa = PBXFileReference; fileEncoding = 4; lastKnownFileType = file.xib; path = retrieveLogin.xib; sourceTree = "<group>"; };
		78B90BD21CE05C8D0022FE7A /* retrieveLogin.swift */ = {isa = PBXFileReference; fileEncoding = 4; lastKnownFileType = sourcecode.swift; path = retrieveLogin.swift; sourceTree = "<group>"; };
		78B90BD41CE0676E0022FE7A /* generateOTP.swift */ = {isa = PBXFileReference; fileEncoding = 4; lastKnownFileType = sourcecode.swift; path = generateOTP.swift; sourceTree = "<group>"; };
		78B90BD61CE067810022FE7A /* generateOTP.xib */ = {isa = PBXFileReference; fileEncoding = 4; lastKnownFileType = file.xib; path = generateOTP.xib; sourceTree = "<group>"; };
		78B90BD81CE067950022FE7A /* enterOTP.xib */ = {isa = PBXFileReference; fileEncoding = 4; lastKnownFileType = file.xib; path = enterOTP.xib; sourceTree = "<group>"; };
		78B90BDA1CE067DA0022FE7A /* enterOTP.swift */ = {isa = PBXFileReference; fileEncoding = 4; lastKnownFileType = sourcecode.swift; path = enterOTP.swift; sourceTree = "<group>"; };
		B1823BFAEEEE1367D0B19089 /* Pods-MediManageUITests.release.xcconfig */ = {isa = PBXFileReference; includeInIndex = 1; lastKnownFileType = text.xcconfig; name = "Pods-MediManageUITests.release.xcconfig"; path = "Pods/Target Support Files/Pods-MediManageUITests/Pods-MediManageUITests.release.xcconfig"; sourceTree = "<group>"; };
		C2382C1F1D0AA43D00DC0073 /* Alamofire.framework */ = {isa = PBXFileReference; lastKnownFileType = wrapper.framework; name = Alamofire.framework; path = "Pods/../build/Debug-iphoneos/Alamofire/Alamofire.framework"; sourceTree = "<group>"; };
		C2A59E8A1CDDDF700093CFEC /* Lato-Black.ttf */ = {isa = PBXFileReference; lastKnownFileType = file; path = "Lato-Black.ttf"; sourceTree = "<group>"; };
		C2A59E8B1CDDDF700093CFEC /* Lato-Bold.ttf */ = {isa = PBXFileReference; lastKnownFileType = file; path = "Lato-Bold.ttf"; sourceTree = "<group>"; };
		C2A59E8C1CDDDF700093CFEC /* Lato-Hairline.ttf */ = {isa = PBXFileReference; lastKnownFileType = file; path = "Lato-Hairline.ttf"; sourceTree = "<group>"; };
		C2A59E8D1CDDDF700093CFEC /* Lato-Light.ttf */ = {isa = PBXFileReference; lastKnownFileType = file; path = "Lato-Light.ttf"; sourceTree = "<group>"; };
		C2A59E8E1CDDDF700093CFEC /* Lato-Regular.ttf */ = {isa = PBXFileReference; lastKnownFileType = file; path = "Lato-Regular.ttf"; sourceTree = "<group>"; };
		C2B4401E1D1BF5A4003EECDB /* EmployeeGroupDTO.swift */ = {isa = PBXFileReference; fileEncoding = 4; lastKnownFileType = sourcecode.swift; path = EmployeeGroupDTO.swift; sourceTree = "<group>"; };
		C42FA52A5495CA29BD934BCF /* Pods_MediManageUITests.framework */ = {isa = PBXFileReference; explicitFileType = wrapper.framework; includeInIndex = 0; path = Pods_MediManageUITests.framework; sourceTree = BUILT_PRODUCTS_DIR; };
		D759717CAF6EE7B65953226B /* Pods_MediManage.framework */ = {isa = PBXFileReference; explicitFileType = wrapper.framework; includeInIndex = 0; path = Pods_MediManage.framework; sourceTree = BUILT_PRODUCTS_DIR; };
		DA3F8782BBA8201238A606EF /* Pods-MediManageTests.debug.xcconfig */ = {isa = PBXFileReference; includeInIndex = 1; lastKnownFileType = text.xcconfig; name = "Pods-MediManageTests.debug.xcconfig"; path = "Pods/Target Support Files/Pods-MediManageTests/Pods-MediManageTests.debug.xcconfig"; sourceTree = "<group>"; };
		EEAE1C269713C6CE4FA8D118 /* Pods-MediManage.debug.xcconfig */ = {isa = PBXFileReference; includeInIndex = 1; lastKnownFileType = text.xcconfig; name = "Pods-MediManage.debug.xcconfig"; path = "Pods/Target Support Files/Pods-MediManage/Pods-MediManage.debug.xcconfig"; sourceTree = "<group>"; };
/* End PBXFileReference section */

/* Begin PBXFrameworksBuildPhase section */
		786DF9F31CD214F300DDE769 /* Frameworks */ = {
			isa = PBXFrameworksBuildPhase;
			buildActionMask = 2147483647;
			files = (
				C2382C201D0AA43D00DC0073 /* Alamofire.framework in Frameworks */,
				43D6FF401CFEA991008361B2 /* SwiftyJSON.framework in Frameworks */,
				27C9E516FC5526ED88CFCA42 /* Pods_MediManage.framework in Frameworks */,
			);
			runOnlyForDeploymentPostprocessing = 0;
		};
		786DFA071CD214F300DDE769 /* Frameworks */ = {
			isa = PBXFrameworksBuildPhase;
			buildActionMask = 2147483647;
			files = (
				6D035D043B54B0670FDFCF32 /* Pods_MediManageTests.framework in Frameworks */,
			);
			runOnlyForDeploymentPostprocessing = 0;
		};
		786DFA121CD214F300DDE769 /* Frameworks */ = {
			isa = PBXFrameworksBuildPhase;
			buildActionMask = 2147483647;
			files = (
				D8D3151E89FAD52E9DE47D70 /* Pods_MediManageUITests.framework in Frameworks */,
			);
			runOnlyForDeploymentPostprocessing = 0;
		};
/* End PBXFrameworksBuildPhase section */

/* Begin PBXGroup section */
		0A726E436291C993C5B3BEA1 /* Pods */ = {
			isa = PBXGroup;
			children = (
				EEAE1C269713C6CE4FA8D118 /* Pods-MediManage.debug.xcconfig */,
				4415F35FCFCB220C77D14407 /* Pods-MediManage.release.xcconfig */,
				DA3F8782BBA8201238A606EF /* Pods-MediManageTests.debug.xcconfig */,
				2929E7673A1840B6947EC786 /* Pods-MediManageTests.release.xcconfig */,
				5D3E6004712544B1610851F3 /* Pods-MediManageUITests.debug.xcconfig */,
				B1823BFAEEEE1367D0B19089 /* Pods-MediManageUITests.release.xcconfig */,
			);
			name = Pods;
			sourceTree = "<group>";
		};
		3A0175281CE3587900832E49 /* insuredMembers */ = {
			isa = PBXGroup;
			children = (
				3A0175291CE3589400832E49 /* insuredMembers.xib */,
				3A01752B1CE360FF00832E49 /* insuredMembers.swift */,
			);
			name = insuredMembers;
			sourceTree = "<group>";
		};
		3A01752D1CE3649300832E49 /* header */ = {
			isa = PBXGroup;
			children = (
				3A01752E1CE364AD00832E49 /* header.xib */,
				3A0175301CE369AB00832E49 /* header.swift */,
			);
			name = header;
			sourceTree = "<group>";
		};
		3A1369AC1CE455F100BEE355 /* memberList */ = {
			isa = PBXGroup;
			children = (
				3A1369AD1CE4566500BEE355 /* memberList.xib */,
				3AFE38981CE472CE0062A497 /* memberList.swift */,
			);
			name = memberList;
			sourceTree = "<group>";
		};
		3A31911B1CEF41C0001DCBBC /* splashScreen */ = {
			isa = PBXGroup;
			children = (
				3A31911C1CEF41D7001DCBBC /* splashScreen.xib */,
			);
			name = splashScreen;
			sourceTree = "<group>";
		};
		3A72C7231CEAE7EA00B5412E /* preAuthorizationOne */ = {
			isa = PBXGroup;
			children = (
				3A72C7241CEAE81100B5412E /* preAuthorizationOne.xib */,
				3A72C7281CEB28D600B5412E /* preAuthorizationOne.swift */,
			);
			name = preAuthorizationOne;
			sourceTree = "<group>";
		};
		3A72C72A1CEB44F600B5412E /* helplineNumber */ = {
			isa = PBXGroup;
			children = (
				3A72C72B1CEB454100B5412E /* helplineNumber.xib */,
				3A72C72D1CEB4F7500B5412E /* helplineNumber.swift */,
			);
			name = helplineNumber;
			sourceTree = "<group>";
		};
		3A74A7CE1CF41F6100592B3E /* tutorial */ = {
			isa = PBXGroup;
			children = (
				3A74A7CF1CF41FCA00592B3E /* tutorial.xib */,
				3A74A7D11CF4216500592B3E /* tutorial.swift */,
			);
			name = tutorial;
			sourceTree = "<group>";
		};
		3A8774BA1CEC3751001DB41F /* preAuthorizationTwo */ = {
			isa = PBXGroup;
			children = (
				3A8774BB1CEC3783001DB41F /* preAuthorizationTwo.xib */,
				3A8774BD1CEC38E6001DB41F /* preAuthorizationTwo.swift */,
			);
			name = preAuthorizationTwo;
			sourceTree = "<group>";
		};
		3A8774BF1CEC4165001DB41F /* queryForm */ = {
			isa = PBXGroup;
			children = (
				3A8774C01CEC41C1001DB41F /* queryForm.xib */,
				3A8774C21CEC4E62001DB41F /* queryForm.swift */,
			);
			name = queryForm;
			sourceTree = "<group>";
		};
		3A8EFB4F1CE99E89004489F3 /* hospitalSearch */ = {
			isa = PBXGroup;
			children = (
				3A8EFB501CE99EBA004489F3 /* hospitalSearch.xib */,
				3A8EFB521CE9A463004489F3 /* hospitalSearch.swift */,
			);
			name = hospitalSearch;
			sourceTree = "<group>";
		};
		3A8EFB541CE9C384004489F3 /* inbox */ = {
			isa = PBXGroup;
			children = (
				3A8EFB551CE9C3A3004489F3 /* inbox.xib */,
				3A8EFB571CE9CA54004489F3 /* inbox.swift */,
			);
			name = inbox;
			sourceTree = "<group>";
		};
		3A8EFB591CE9D2D4004489F3 /* homeMenus */ = {
			isa = PBXGroup;
			children = (
				3A8EFB5A1CE9D31B004489F3 /* homeMenus.xib */,
				3A8EFB5C1CE9DE53004489F3 /* homeMenus.swift */,
			);
			name = homeMenus;
			sourceTree = "<group>";
		};
		3A8EFB5E1CE9E037004489F3 /* claimForm */ = {
			isa = PBXGroup;
			children = (
				3A8EFB5F1CE9E0BA004489F3 /* claimForm.xib */,
				3A8EFB611CE9E742004489F3 /* claimForm.swift */,
			);
			name = claimForm;
			sourceTree = "<group>";
		};
		3A992F021CED916300D85D8A /* benefitSummary */ = {
			isa = PBXGroup;
			children = (
				3A992F031CED918100D85D8A /* benefitSummary.xib */,
				3A992F051CED997400D85D8A /* benefitSummary.swift */,
			);
			name = benefitSummary;
			sourceTree = "<group>";
		};
		3AC43DCD1CE9FBFE00ED2523 /* myClaims */ = {
			isa = PBXGroup;
			children = (
				3AC43DCE1CE9FC1500ED2523 /* myClaims.xib */,
				3AC43DD01CEA00E100ED2523 /* myClaims.swift */,
			);
			name = myClaims;
			sourceTree = "<group>";
		};
		3AD3E5261CE1DDC200900A93 /* enrollmentMembers */ = {
			isa = PBXGroup;
			children = (
				3AD3E5271CE1DE1D00900A93 /* enrollmentMembers.xib */,
				3AD3E5291CE1F87B00900A93 /* enrollmentMembers.swift */,
			);
			name = enrollmentMembers;
			sourceTree = "<group>";
		};
		3AD3E52B1CE209F300900A93 /* premiumCalculation */ = {
			isa = PBXGroup;
			children = (
				3AD3E52C1CE20A1900900A93 /* premiumCalculation.xib */,
				3A481F341CE3151900BB8A73 /* premiumCalculation.swift */,
			);
			name = premiumCalculation;
			sourceTree = "<group>";
		};
		3AEEB00C1CE702290085EEF5 /* subHeader */ = {
			isa = PBXGroup;
			children = (
				3AEEB00D1CE7023E0085EEF5 /* subHeader.xib */,
				3AEEB00F1CE705B60085EEF5 /* subHeader.swift */,
			);
			name = subHeader;
			sourceTree = "<group>";
		};
		3AEEB0111CE70F2A0085EEF5 /* helpDesk */ = {
			isa = PBXGroup;
			children = (
				3AEEB0121CE70F3D0085EEF5 /* helpDesk.xib */,
				3AEEB0141CE731050085EEF5 /* helpDesk.swift */,
			);
			name = helpDesk;
			sourceTree = "<group>";
		};
		3AEEB0181CE745DE0085EEF5 /* helpDeskFAQ */ = {
			isa = PBXGroup;
			children = (
				3AEEB0191CE745F90085EEF5 /* helpDeskFAQ.xib */,
				3AEEB01B1CE74C770085EEF5 /* helpDeskFAQ.swift */,
			);
			name = helpDeskFAQ;
			sourceTree = "<group>";
		};
		3AEEB01D1CE74D390085EEF5 /* helpDeskQuery */ = {
			isa = PBXGroup;
			children = (
				3AEEB01E1CE74D820085EEF5 /* helpDeskQuery.xib */,
				3AEEB0201CE7504B0085EEF5 /* helpDeskQuery.swift */,
			);
			name = helpDeskQuery;
			sourceTree = "<group>";
		};
		3AEEB0221CE7513C0085EEF5 /* connect */ = {
			isa = PBXGroup;
			children = (
				3AEEB0231CE7515C0085EEF5 /* connect.xib */,
				3AEEB0251CE75DEF0085EEF5 /* connect.swift */,
			);
			name = connect;
			sourceTree = "<group>";
		};
		3AF76BAC1CE5A6D000ADCAAF /* footer */ = {
			isa = PBXGroup;
			children = (
				3AF76BAD1CE5A6E500ADCAAF /* footer.xib */,
				3AF76BAF1CE5ABC100ADCAAF /* footer.swift */,
			);
			name = footer;
			sourceTree = "<group>";
		};
		3AFE389A1CE492FF0062A497 /* insuredMembersAll */ = {
			isa = PBXGroup;
			children = (
				3AFE389B1CE4932D0062A497 /* insuredMembersAll.xib */,
				3A677B621CE49F7F003B8C2B /* insuredMembersAll.swift */,
			);
			name = insuredMembersAll;
			sourceTree = "<group>";
		};
		43D6FF411CFEE44C008361B2 /* pickDate */ = {
			isa = PBXGroup;
			children = (
				43D6FF421CFEE486008361B2 /* pickDate.xib */,
				43D6FF461CFEE7C2008361B2 /* pickDate.swift */,
			);
			name = pickDate;
			sourceTree = "<group>";
		};
		718172B03362F6EE15D81110 /* Frameworks */ = {
			isa = PBXGroup;
			children = (
				C2382C1F1D0AA43D00DC0073 /* Alamofire.framework */,
				43D6FF3F1CFEA991008361B2 /* SwiftyJSON.framework */,
				D759717CAF6EE7B65953226B /* Pods_MediManage.framework */,
				1350669CA9DD04202B9A6DA6 /* Pods_MediManageTests.framework */,
				C42FA52A5495CA29BD934BCF /* Pods_MediManageUITests.framework */,
			);
			name = Frameworks;
			sourceTree = "<group>";
		};
		783322911CD9F1A40015CE37 /* login */ = {
			isa = PBXGroup;
			children = (
				783322961CD9FCD90015CE37 /* login.swift */,
				783322941CD9FB1B0015CE37 /* login.xib */,
			);
			name = login;
			sourceTree = "<group>";
		};
		783322A41CDB13860015CE37 /* signup */ = {
			isa = PBXGroup;
			children = (
				783322A71CDB13ED0015CE37 /* signup.swift */,
				783322A51CDB13CE0015CE37 /* signup.xib */,
			);
			name = signup;
			sourceTree = "<group>";
		};
		783322A91CDB30DD0015CE37 /* onboarding */ = {
			isa = PBXGroup;
			children = (
				783322AA1CDB37FE0015CE37 /* onboarding.swift */,
				783322AC1CDB380C0015CE37 /* onboarding.xib */,
			);
			name = onboarding;
			sourceTree = "<group>";
		};
		783322AE1CDB3DC30015CE37 /* landing */ = {
			isa = PBXGroup;
			children = (
				783322B11CDB50E50015CE37 /* landing.swift */,
				783322AF1CDB50D10015CE37 /* landing.xib */,
			);
			name = landing;
			sourceTree = "<group>";
		};
		783322B31CDB75BE0015CE37 /* completeProfile */ = {
			isa = PBXGroup;
			children = (
				783322B41CDB7B4F0015CE37 /* completeProfile.swift */,
				783322B61CDB7B620015CE37 /* completeProfile.xib */,
			);
			name = completeProfile;
			sourceTree = "<group>";
		};
		786DF9ED1CD214F300DDE769 = {
			isa = PBXGroup;
			children = (
				786DF9F81CD214F300DDE769 /* Medi Manage */,
				786DFA0D1CD214F300DDE769 /* Medi ManageTests */,
				786DFA181CD214F300DDE769 /* Medi ManageUITests */,
				786DF9F71CD214F300DDE769 /* Products */,
				0A726E436291C993C5B3BEA1 /* Pods */,
				718172B03362F6EE15D81110 /* Frameworks */,
			);
			sourceTree = "<group>";
		};
		786DF9F71CD214F300DDE769 /* Products */ = {
			isa = PBXGroup;
			children = (
				786DF9F61CD214F300DDE769 /* MediManage.app */,
				786DFA0A1CD214F300DDE769 /* MediManage.xctest */,
				786DFA151CD214F300DDE769 /* MediManage.xctest */,
			);
			name = Products;
			sourceTree = "<group>";
		};
		786DF9F81CD214F300DDE769 /* Medi Manage */ = {
			isa = PBXGroup;
			children = (
				C2B4401D1D1BF4B0003EECDB /* DTO */,
				786DF9F91CD214F300DDE769 /* AppDelegate.swift */,
				786DFA2B1CD2285800DDE769 /* Model */,
				786DFA2C1CD2286000DDE769 /* Fonts */,
				786DFA2A1CD2283F00DDE769 /* StoryBoards */,
				786DFA291CD2282700DDE769 /* Views */,
				786DFA281CD2281E00DDE769 /* Controller */,
				786DFA271CD227F600DDE769 /* Helper */,
				786DFA001CD214F300DDE769 /* Assets.xcassets */,
				786DFA051CD214F300DDE769 /* Info.plist */,
			);
			path = "Medi Manage";
			sourceTree = "<group>";
		};
		786DFA0D1CD214F300DDE769 /* Medi ManageTests */ = {
			isa = PBXGroup;
			children = (
				786DFA0E1CD214F300DDE769 /* Medi_ManageTests.swift */,
				786DFA101CD214F300DDE769 /* Info.plist */,
			);
			path = "Medi ManageTests";
			sourceTree = "<group>";
		};
		786DFA181CD214F300DDE769 /* Medi ManageUITests */ = {
			isa = PBXGroup;
			children = (
				786DFA191CD214F300DDE769 /* Medi_ManageUITests.swift */,
				786DFA1B1CD214F300DDE769 /* Info.plist */,
			);
			path = "Medi ManageUITests";
			sourceTree = "<group>";
		};
		786DFA271CD227F600DDE769 /* Helper */ = {
			isa = PBXGroup;
			children = (
				3A6C4E441CF48B3D0056D46F /* SlideMenuController.swift */,
			);
			name = Helper;
			sourceTree = "<group>";
		};
		786DFA281CD2281E00DDE769 /* Controller */ = {
			isa = PBXGroup;
			children = (
				786DF9FB1CD214F300DDE769 /* ViewController.swift */,
				3A677B641CE4B2D3003B8C2B /* LoginController.swift */,
				3A677B661CE4B384003B8C2B /* SignupController.swift */,
				3A677B681CE4B539003B8C2B /* CompleteProfileController.swift */,
				3A677B6A1CE4B90C003B8C2B /* RetrieveLoginController.swift */,
				3A677B6C1CE4BBDE003B8C2B /* GenerateOTPController.swift */,
				3A677B6E1CE4BEC0003B8C2B /* EnterOTPController.swift */,
				3ACFB29F1CE4C369003766D8 /* EnrollmentMembersController.swift */,
				3ACFB2A11CE4C3A0003766D8 /* MemberListController.swift */,
				3ACFB2A31CE4C410003766D8 /* PremiumCalculationController.swift */,
				3AF76BB11CE5BEEA00ADCAAF /* InsuredMembersController.swift */,
				3AEEB0161CE7344C0085EEF5 /* HelpDeskController.swift */,
				3A72C7261CEAEDC400B5412E /* MainClaimsController.swift */,
				3A1A5AE01CEC988A00AD2564 /* DocumentChecklistController.swift */,
				3A992F071CEDD21700D85D8A /* ClaimIntimationController.swift */,
				3A992F091CEDF25F00D85D8A /* HospitalSearchResultController.swift */,
				3A3191171CEF4076001DCBBC /* SplashScreenController.swift */,
				3A3191191CEF40AB001DCBBC /* PageViewerController.swift */,
				3A79A7C11CF0431E008B693B /* HelpDeskFAQController.swift */,
				3A79A7C41CF044DF008B693B /* HelpDeskQueryController.swift */,
				3A79A7C61CF045F0008B693B /* ConnectController.swift */,
				3A79A7C81CF06652008B693B /* ClaimFormController.swift */,
				3A79A7CA1CF06702008B693B /* MyClaimController.swift */,
				3A79A7CC1CF06AA0008B693B /* PreAuthorizationOneController.swift */,
				3A79A7CE1CF06ADC008B693B /* PreAuthorizationTwoController.swift */,
				3AE7AFDF1CF2D0C10047DFB0 /* QueryFormController.swift */,
				3AE7AFE11CF2D3190047DFB0 /* HelplineNumberController.swift */,
				3AE7AFE31CF2D8C80047DFB0 /* BenefitSummaryController.swift */,
				3AE7AFE51CF2D9060047DFB0 /* HospitalSearchController.swift */,
				3AE7AFE71CF2D9330047DFB0 /* InboxController.swift */,
				3A74A7D31CF422DA00592B3E /* TutorialController.swift */,
				3A74A7D61CF43BFC00592B3E /* MainMenuController.swift */,
			);
			name = Controller;
			sourceTree = "<group>";
		};
		786DFA291CD2282700DDE769 /* Views */ = {
			isa = PBXGroup;
			children = (
				43D6FF411CFEE44C008361B2 /* pickDate */,
				3A74A7CE1CF41F6100592B3E /* tutorial */,
				3A31911B1CEF41C0001DCBBC /* splashScreen */,
				3A992F021CED916300D85D8A /* benefitSummary */,
				3A8774BF1CEC4165001DB41F /* queryForm */,
				3A8774BA1CEC3751001DB41F /* preAuthorizationTwo */,
				3A72C72A1CEB44F600B5412E /* helplineNumber */,
				3A72C7231CEAE7EA00B5412E /* preAuthorizationOne */,
				3AC43DCD1CE9FBFE00ED2523 /* myClaims */,
				3A8EFB5E1CE9E037004489F3 /* claimForm */,
				3A8EFB591CE9D2D4004489F3 /* homeMenus */,
				3A8EFB541CE9C384004489F3 /* inbox */,
				3A8EFB4F1CE99E89004489F3 /* hospitalSearch */,
				3AEEB0221CE7513C0085EEF5 /* connect */,
				3AEEB01D1CE74D390085EEF5 /* helpDeskQuery */,
				3AEEB0181CE745DE0085EEF5 /* helpDeskFAQ */,
				3AEEB0111CE70F2A0085EEF5 /* helpDesk */,
				3AEEB00C1CE702290085EEF5 /* subHeader */,
				3AF76BAC1CE5A6D000ADCAAF /* footer */,
				3AFE389A1CE492FF0062A497 /* insuredMembersAll */,
				3A01752D1CE3649300832E49 /* header */,
				3A0175281CE3587900832E49 /* insuredMembers */,
				3A1369AC1CE455F100BEE355 /* memberList */,
				3AD3E52B1CE209F300900A93 /* premiumCalculation */,
				3AD3E5261CE1DDC200900A93 /* enrollmentMembers */,
				783322AE1CDB3DC30015CE37 /* landing */,
				78B90BCF1CE05C560022FE7A /* enterOTP */,
				78B90BCE1CE05C4F0022FE7A /* generateOTP */,
				78B90BCD1CE05C200022FE7A /* retrieveLogin */,
				783322B31CDB75BE0015CE37 /* completeProfile */,
				783322A91CDB30DD0015CE37 /* onboarding */,
				783322A41CDB13860015CE37 /* signup */,
				783322911CD9F1A40015CE37 /* login */,
			);
			name = Views;
			sourceTree = "<group>";
		};
		786DFA2A1CD2283F00DDE769 /* StoryBoards */ = {
			isa = PBXGroup;
			children = (
				786DFA021CD214F300DDE769 /* LaunchScreen.storyboard */,
				786DF9FD1CD214F300DDE769 /* Main.storyboard */,
			);
			name = StoryBoards;
			sourceTree = "<group>";
		};
		786DFA2B1CD2285800DDE769 /* Model */ = {
			isa = PBXGroup;
			children = (
				43D6FF3D1CFC4510008361B2 /* RestApi.swift */,
				439CE6421D000B2E00FA1B26 /* Popups.swift */,
			);
			name = Model;
			sourceTree = "<group>";
		};
		786DFA2C1CD2286000DDE769 /* Fonts */ = {
			isa = PBXGroup;
			children = (
				C2A59E8A1CDDDF700093CFEC /* Lato-Black.ttf */,
				C2A59E8B1CDDDF700093CFEC /* Lato-Bold.ttf */,
				C2A59E8C1CDDDF700093CFEC /* Lato-Hairline.ttf */,
				C2A59E8D1CDDDF700093CFEC /* Lato-Light.ttf */,
				C2A59E8E1CDDDF700093CFEC /* Lato-Regular.ttf */,
			);
			name = Fonts;
			sourceTree = "<group>";
		};
		78B90BCD1CE05C200022FE7A /* retrieveLogin */ = {
			isa = PBXGroup;
			children = (
				78B90BD21CE05C8D0022FE7A /* retrieveLogin.swift */,
				78B90BD01CE05C7C0022FE7A /* retrieveLogin.xib */,
			);
			name = retrieveLogin;
			sourceTree = "<group>";
		};
		78B90BCE1CE05C4F0022FE7A /* generateOTP */ = {
			isa = PBXGroup;
			children = (
				78B90BD41CE0676E0022FE7A /* generateOTP.swift */,
				78B90BD61CE067810022FE7A /* generateOTP.xib */,
			);
			name = generateOTP;
			sourceTree = "<group>";
		};
		78B90BCF1CE05C560022FE7A /* enterOTP */ = {
			isa = PBXGroup;
			children = (
				78B90BDA1CE067DA0022FE7A /* enterOTP.swift */,
				78B90BD81CE067950022FE7A /* enterOTP.xib */,
			);
			name = enterOTP;
			sourceTree = "<group>";
		};
		C2B4401D1D1BF4B0003EECDB /* DTO */ = {
			isa = PBXGroup;
			children = (
				C2B4401E1D1BF5A4003EECDB /* EmployeeGroupDTO.swift */,
			);
			name = DTO;
			sourceTree = "<group>";
		};
/* End PBXGroup section */

/* Begin PBXNativeTarget section */
		786DF9F51CD214F300DDE769 /* MediManage */ = {
			isa = PBXNativeTarget;
			buildConfigurationList = 786DFA1E1CD214F300DDE769 /* Build configuration list for PBXNativeTarget "MediManage" */;
			buildPhases = (
				FAC1EACC97379DDD558FE355 /* 📦 Check Pods Manifest.lock */,
				786DF9F21CD214F300DDE769 /* Sources */,
				786DF9F31CD214F300DDE769 /* Frameworks */,
				786DF9F41CD214F300DDE769 /* Resources */,
				26308520C8BC08AF1F048F75 /* 📦 Embed Pods Frameworks */,
				AF6921B6E25AC027BA7DF156 /* 📦 Copy Pods Resources */,
			);
			buildRules = (
			);
			dependencies = (
			);
			name = MediManage;
			productName = "Medi Manage";
			productReference = 786DF9F61CD214F300DDE769 /* MediManage.app */;
			productType = "com.apple.product-type.application";
		};
		786DFA091CD214F300DDE769 /* MediManageTests */ = {
			isa = PBXNativeTarget;
			buildConfigurationList = 786DFA211CD214F300DDE769 /* Build configuration list for PBXNativeTarget "MediManageTests" */;
			buildPhases = (
				9E44C030F54AA11379D2067A /* 📦 Check Pods Manifest.lock */,
				786DFA061CD214F300DDE769 /* Sources */,
				786DFA071CD214F300DDE769 /* Frameworks */,
				786DFA081CD214F300DDE769 /* Resources */,
				717CF89116BA1F2334ECAEFD /* 📦 Embed Pods Frameworks */,
				267032D4CFA18DD3ABE1B5BD /* 📦 Copy Pods Resources */,
			);
			buildRules = (
			);
			dependencies = (
				786DFA0C1CD214F300DDE769 /* PBXTargetDependency */,
			);
			name = MediManageTests;
			productName = "Medi ManageTests";
			productReference = 786DFA0A1CD214F300DDE769 /* MediManage.xctest */;
			productType = "com.apple.product-type.bundle.unit-test";
		};
		786DFA141CD214F300DDE769 /* MediManageUITests */ = {
			isa = PBXNativeTarget;
			buildConfigurationList = 786DFA241CD214F300DDE769 /* Build configuration list for PBXNativeTarget "MediManageUITests" */;
			buildPhases = (
				F710F0E5CB581A3F87D5804A /* 📦 Check Pods Manifest.lock */,
				786DFA111CD214F300DDE769 /* Sources */,
				786DFA121CD214F300DDE769 /* Frameworks */,
				786DFA131CD214F300DDE769 /* Resources */,
				443C4F3865C153013050F365 /* 📦 Copy Pods Resources */,
			);
			buildRules = (
			);
			dependencies = (
				786DFA171CD214F300DDE769 /* PBXTargetDependency */,
			);
			name = MediManageUITests;
			productName = "Medi ManageUITests";
			productReference = 786DFA151CD214F300DDE769 /* MediManage.xctest */;
			productType = "com.apple.product-type.bundle.ui-testing";
		};
/* End PBXNativeTarget section */

/* Begin PBXProject section */
		786DF9EE1CD214F300DDE769 /* Project object */ = {
			isa = PBXProject;
			attributes = {
				LastSwiftUpdateCheck = 0730;
				LastUpgradeCheck = 0730;
				ORGANIZATIONNAME = "Wohlig Technology";
				TargetAttributes = {
					786DF9F51CD214F300DDE769 = {
						CreatedOnToolsVersion = 7.3;
						DevelopmentTeam = YVWVDTRG4B;
					};
					786DFA091CD214F300DDE769 = {
						CreatedOnToolsVersion = 7.3;
						TestTargetID = 786DF9F51CD214F300DDE769;
					};
					786DFA141CD214F300DDE769 = {
						CreatedOnToolsVersion = 7.3;
						TestTargetID = 786DF9F51CD214F300DDE769;
					};
				};
			};
			buildConfigurationList = 786DF9F11CD214F300DDE769 /* Build configuration list for PBXProject "MediManage" */;
			compatibilityVersion = "Xcode 3.2";
			developmentRegion = English;
			hasScannedForEncodings = 0;
			knownRegions = (
				en,
				Base,
			);
			mainGroup = 786DF9ED1CD214F300DDE769;
			productRefGroup = 786DF9F71CD214F300DDE769 /* Products */;
			projectDirPath = "";
			projectRoot = "";
			targets = (
				786DF9F51CD214F300DDE769 /* MediManage */,
				786DFA091CD214F300DDE769 /* MediManageTests */,
				786DFA141CD214F300DDE769 /* MediManageUITests */,
			);
		};
/* End PBXProject section */

/* Begin PBXResourcesBuildPhase section */
		786DF9F41CD214F300DDE769 /* Resources */ = {
			isa = PBXResourcesBuildPhase;
			buildActionMask = 2147483647;
			files = (
				3A8EFB511CE99EBA004489F3 /* hospitalSearch.xib in Resources */,
				783322AD1CDB380C0015CE37 /* onboarding.xib in Resources */,
				3A8EFB561CE9C3A3004489F3 /* inbox.xib in Resources */,
				C2A59E901CDDDF700093CFEC /* Lato-Bold.ttf in Resources */,
				C2A59E911CDDDF700093CFEC /* Lato-Hairline.ttf in Resources */,
				C2A59E921CDDDF700093CFEC /* Lato-Light.ttf in Resources */,
				3A8774BC1CEC3783001DB41F /* preAuthorizationTwo.xib in Resources */,
				C2A59E8F1CDDDF700093CFEC /* Lato-Black.ttf in Resources */,
				783322B01CDB50D10015CE37 /* landing.xib in Resources */,
				43D6FF431CFEE486008361B2 /* pickDate.xib in Resources */,
				3AEEB0241CE7515C0085EEF5 /* connect.xib in Resources */,
				3A8774C11CEC41C1001DB41F /* queryForm.xib in Resources */,
				3A8EFB5B1CE9D31B004489F3 /* homeMenus.xib in Resources */,
				78B90BD71CE067810022FE7A /* generateOTP.xib in Resources */,
				3AD3E52D1CE20A1900900A93 /* premiumCalculation.xib in Resources */,
				3A01752F1CE364AD00832E49 /* header.xib in Resources */,
				3A72C7251CEAE81100B5412E /* preAuthorizationOne.xib in Resources */,
				3A31911D1CEF41D7001DCBBC /* splashScreen.xib in Resources */,
				3AF76BAE1CE5A6E500ADCAAF /* footer.xib in Resources */,
				786DFA041CD214F300DDE769 /* LaunchScreen.storyboard in Resources */,
				3AD3E5281CE1DE1D00900A93 /* enrollmentMembers.xib in Resources */,
				78B90BD11CE05C7C0022FE7A /* retrieveLogin.xib in Resources */,
				3AEEB01F1CE74D820085EEF5 /* helpDeskQuery.xib in Resources */,
				3AFE389C1CE4932D0062A497 /* insuredMembersAll.xib in Resources */,
				786DFA011CD214F300DDE769 /* Assets.xcassets in Resources */,
				3A1369AE1CE4566500BEE355 /* memberList.xib in Resources */,
				3A01752A1CE3589400832E49 /* insuredMembers.xib in Resources */,
				3AEEB00E1CE7023E0085EEF5 /* subHeader.xib in Resources */,
				3A72C72C1CEB454100B5412E /* helplineNumber.xib in Resources */,
				786DF9FF1CD214F300DDE769 /* Main.storyboard in Resources */,
				3A8EFB601CE9E0BA004489F3 /* claimForm.xib in Resources */,
				3AC43DCF1CE9FC1500ED2523 /* myClaims.xib in Resources */,
				3AEEB0131CE70F3D0085EEF5 /* helpDesk.xib in Resources */,
				783322951CD9FB1B0015CE37 /* login.xib in Resources */,
				3A74A7D01CF41FCA00592B3E /* tutorial.xib in Resources */,
				C2A59E931CDDDF700093CFEC /* Lato-Regular.ttf in Resources */,
				783322B71CDB7B620015CE37 /* completeProfile.xib in Resources */,
				78B90BD91CE067950022FE7A /* enterOTP.xib in Resources */,
				3AEEB01A1CE745F90085EEF5 /* helpDeskFAQ.xib in Resources */,
				3A992F041CED918100D85D8A /* benefitSummary.xib in Resources */,
				783322A61CDB13CE0015CE37 /* signup.xib in Resources */,
			);
			runOnlyForDeploymentPostprocessing = 0;
		};
		786DFA081CD214F300DDE769 /* Resources */ = {
			isa = PBXResourcesBuildPhase;
			buildActionMask = 2147483647;
			files = (
			);
			runOnlyForDeploymentPostprocessing = 0;
		};
		786DFA131CD214F300DDE769 /* Resources */ = {
			isa = PBXResourcesBuildPhase;
			buildActionMask = 2147483647;
			files = (
			);
			runOnlyForDeploymentPostprocessing = 0;
		};
/* End PBXResourcesBuildPhase section */

/* Begin PBXShellScriptBuildPhase section */
		26308520C8BC08AF1F048F75 /* 📦 Embed Pods Frameworks */ = {
			isa = PBXShellScriptBuildPhase;
			buildActionMask = 2147483647;
			files = (
			);
			inputPaths = (
			);
			name = "📦 Embed Pods Frameworks";
			outputPaths = (
			);
			runOnlyForDeploymentPostprocessing = 0;
			shellPath = /bin/sh;
			shellScript = "\"${SRCROOT}/Pods/Target Support Files/Pods-MediManage/Pods-MediManage-frameworks.sh\"\n";
			showEnvVarsInLog = 0;
		};
		267032D4CFA18DD3ABE1B5BD /* 📦 Copy Pods Resources */ = {
			isa = PBXShellScriptBuildPhase;
			buildActionMask = 2147483647;
			files = (
			);
			inputPaths = (
			);
			name = "📦 Copy Pods Resources";
			outputPaths = (
			);
			runOnlyForDeploymentPostprocessing = 0;
			shellPath = /bin/sh;
			shellScript = "\"${SRCROOT}/Pods/Target Support Files/Pods-MediManageTests/Pods-MediManageTests-resources.sh\"\n";
			showEnvVarsInLog = 0;
		};
		443C4F3865C153013050F365 /* 📦 Copy Pods Resources */ = {
			isa = PBXShellScriptBuildPhase;
			buildActionMask = 2147483647;
			files = (
			);
			inputPaths = (
			);
			name = "📦 Copy Pods Resources";
			outputPaths = (
			);
			runOnlyForDeploymentPostprocessing = 0;
			shellPath = /bin/sh;
			shellScript = "\"${SRCROOT}/Pods/Target Support Files/Pods-MediManageUITests/Pods-MediManageUITests-resources.sh\"\n";
			showEnvVarsInLog = 0;
		};
		717CF89116BA1F2334ECAEFD /* 📦 Embed Pods Frameworks */ = {
			isa = PBXShellScriptBuildPhase;
			buildActionMask = 2147483647;
			files = (
			);
			inputPaths = (
			);
			name = "📦 Embed Pods Frameworks";
			outputPaths = (
			);
			runOnlyForDeploymentPostprocessing = 0;
			shellPath = /bin/sh;
			shellScript = "\"${SRCROOT}/Pods/Target Support Files/Pods-MediManageTests/Pods-MediManageTests-frameworks.sh\"\n";
			showEnvVarsInLog = 0;
		};
		9E44C030F54AA11379D2067A /* 📦 Check Pods Manifest.lock */ = {
			isa = PBXShellScriptBuildPhase;
			buildActionMask = 2147483647;
			files = (
			);
			inputPaths = (
			);
			name = "📦 Check Pods Manifest.lock";
			outputPaths = (
			);
			runOnlyForDeploymentPostprocessing = 0;
			shellPath = /bin/sh;
			shellScript = "diff \"${PODS_ROOT}/../Podfile.lock\" \"${PODS_ROOT}/Manifest.lock\" > /dev/null\nif [[ $? != 0 ]] ; then\n    cat << EOM\nerror: The sandbox is not in sync with the Podfile.lock. Run 'pod install' or update your CocoaPods installation.\nEOM\n    exit 1\nfi\n";
			showEnvVarsInLog = 0;
		};
		AF6921B6E25AC027BA7DF156 /* 📦 Copy Pods Resources */ = {
			isa = PBXShellScriptBuildPhase;
			buildActionMask = 2147483647;
			files = (
			);
			inputPaths = (
			);
			name = "📦 Copy Pods Resources";
			outputPaths = (
			);
			runOnlyForDeploymentPostprocessing = 0;
			shellPath = /bin/sh;
			shellScript = "\"${SRCROOT}/Pods/Target Support Files/Pods-MediManage/Pods-MediManage-resources.sh\"\n";
			showEnvVarsInLog = 0;
		};
		F710F0E5CB581A3F87D5804A /* 📦 Check Pods Manifest.lock */ = {
			isa = PBXShellScriptBuildPhase;
			buildActionMask = 2147483647;
			files = (
			);
			inputPaths = (
			);
			name = "📦 Check Pods Manifest.lock";
			outputPaths = (
			);
			runOnlyForDeploymentPostprocessing = 0;
			shellPath = /bin/sh;
			shellScript = "diff \"${PODS_ROOT}/../Podfile.lock\" \"${PODS_ROOT}/Manifest.lock\" > /dev/null\nif [[ $? != 0 ]] ; then\n    cat << EOM\nerror: The sandbox is not in sync with the Podfile.lock. Run 'pod install' or update your CocoaPods installation.\nEOM\n    exit 1\nfi\n";
			showEnvVarsInLog = 0;
		};
		FAC1EACC97379DDD558FE355 /* 📦 Check Pods Manifest.lock */ = {
			isa = PBXShellScriptBuildPhase;
			buildActionMask = 2147483647;
			files = (
			);
			inputPaths = (
			);
			name = "📦 Check Pods Manifest.lock";
			outputPaths = (
			);
			runOnlyForDeploymentPostprocessing = 0;
			shellPath = /bin/sh;
			shellScript = "diff \"${PODS_ROOT}/../Podfile.lock\" \"${PODS_ROOT}/Manifest.lock\" > /dev/null\nif [[ $? != 0 ]] ; then\n    cat << EOM\nerror: The sandbox is not in sync with the Podfile.lock. Run 'pod install' or update your CocoaPods installation.\nEOM\n    exit 1\nfi\n";
			showEnvVarsInLog = 0;
		};
/* End PBXShellScriptBuildPhase section */

/* Begin PBXSourcesBuildPhase section */
		786DF9F21CD214F300DDE769 /* Sources */ = {
			isa = PBXSourcesBuildPhase;
			buildActionMask = 2147483647;
			files = (
				3A677B631CE49F7F003B8C2B /* insuredMembersAll.swift in Sources */,
				786DF9FC1CD214F300DDE769 /* ViewController.swift in Sources */,
				43D6FF471CFEE7C2008361B2 /* pickDate.swift in Sources */,
				3AEEB01C1CE74C770085EEF5 /* helpDeskFAQ.swift in Sources */,
				3A8EFB5D1CE9DE53004489F3 /* homeMenus.swift in Sources */,
				3A481F351CE3151900BB8A73 /* premiumCalculation.swift in Sources */,
				3ACFB2A01CE4C369003766D8 /* EnrollmentMembersController.swift in Sources */,
				3A3191181CEF4076001DCBBC /* SplashScreenController.swift in Sources */,
				3A8774BE1CEC38E6001DB41F /* preAuthorizationTwo.swift in Sources */,
				3AEEB0151CE731050085EEF5 /* helpDesk.swift in Sources */,
				3ACFB2A41CE4C410003766D8 /* PremiumCalculationController.swift in Sources */,
				3A01752C1CE360FF00832E49 /* insuredMembers.swift in Sources */,
				3ACFB2A21CE4C3A0003766D8 /* MemberListController.swift in Sources */,
				3A79A7C71CF045F0008B693B /* ConnectController.swift in Sources */,
				3AE7AFE21CF2D3190047DFB0 /* HelplineNumberController.swift in Sources */,
				3A8EFB621CE9E742004489F3 /* claimForm.swift in Sources */,
				3A677B691CE4B539003B8C2B /* CompleteProfileController.swift in Sources */,
				3A6C4E451CF48B3D0056D46F /* SlideMenuController.swift in Sources */,
				3A79A7C91CF06652008B693B /* ClaimFormController.swift in Sources */,
				3A31911A1CEF40AB001DCBBC /* PageViewerController.swift in Sources */,
				783322B51CDB7B4F0015CE37 /* completeProfile.swift in Sources */,
				3A0175311CE369AB00832E49 /* header.swift in Sources */,
				3A677B6D1CE4BBDE003B8C2B /* GenerateOTPController.swift in Sources */,
				3AE7AFE41CF2D8C80047DFB0 /* BenefitSummaryController.swift in Sources */,
				3A79A7CD1CF06AA0008B693B /* PreAuthorizationOneController.swift in Sources */,
				3A677B6F1CE4BEC0003B8C2B /* EnterOTPController.swift in Sources */,
				439CE6431D000B2E00FA1B26 /* Popups.swift in Sources */,
				783322A81CDB13ED0015CE37 /* signup.swift in Sources */,
				3AEEB0101CE705B60085EEF5 /* subHeader.swift in Sources */,
				3A992F061CED997400D85D8A /* benefitSummary.swift in Sources */,
				3A79A7CB1CF06702008B693B /* MyClaimController.swift in Sources */,
				C2B4401F1D1BF5A4003EECDB /* EmployeeGroupDTO.swift in Sources */,
				783322AB1CDB37FE0015CE37 /* onboarding.swift in Sources */,
				783322971CD9FCD90015CE37 /* login.swift in Sources */,
				3A992F0A1CEDF25F00D85D8A /* HospitalSearchResultController.swift in Sources */,
				43D6FF3E1CFC4510008361B2 /* RestApi.swift in Sources */,
				3A72C72E1CEB4F7500B5412E /* helplineNumber.swift in Sources */,
				3A79A7C21CF0431E008B693B /* HelpDeskFAQController.swift in Sources */,
				78B90BD31CE05C8D0022FE7A /* retrieveLogin.swift in Sources */,
				3AEEB0261CE75DEF0085EEF5 /* connect.swift in Sources */,
				3AC43DD11CEA00E100ED2523 /* myClaims.swift in Sources */,
				3A992F081CEDD21700D85D8A /* ClaimIntimationController.swift in Sources */,
				3AF76BB01CE5ABC100ADCAAF /* footer.swift in Sources */,
				3AEEB0211CE7504B0085EEF5 /* helpDeskQuery.swift in Sources */,
				3A677B6B1CE4B90C003B8C2B /* RetrieveLoginController.swift in Sources */,
				3AD3E52A1CE1F87B00900A93 /* enrollmentMembers.swift in Sources */,
				3A677B651CE4B2D3003B8C2B /* LoginController.swift in Sources */,
				78B90BDB1CE067DA0022FE7A /* enterOTP.swift in Sources */,
				3A1A5AE11CEC988A00AD2564 /* DocumentChecklistController.swift in Sources */,
				3AEEB0171CE7344C0085EEF5 /* HelpDeskController.swift in Sources */,
				3AE7AFE01CF2D0C10047DFB0 /* QueryFormController.swift in Sources */,
				3A8EFB581CE9CA54004489F3 /* inbox.swift in Sources */,
				3AE7AFE61CF2D9060047DFB0 /* HospitalSearchController.swift in Sources */,
				3A79A7CF1CF06ADC008B693B /* PreAuthorizationTwoController.swift in Sources */,
				3A74A7D71CF43BFC00592B3E /* MainMenuController.swift in Sources */,
				3A8EFB531CE9A463004489F3 /* hospitalSearch.swift in Sources */,
				78B90BD51CE0676E0022FE7A /* generateOTP.swift in Sources */,
				3AFE38991CE472CE0062A497 /* memberList.swift in Sources */,
				3A8774C31CEC4E62001DB41F /* queryForm.swift in Sources */,
				3A74A7D41CF422DA00592B3E /* TutorialController.swift in Sources */,
				3A74A7D21CF4216500592B3E /* tutorial.swift in Sources */,
				3A677B671CE4B384003B8C2B /* SignupController.swift in Sources */,
				786DF9FA1CD214F300DDE769 /* AppDelegate.swift in Sources */,
				3AF76BB21CE5BEEA00ADCAAF /* InsuredMembersController.swift in Sources */,
				783322B21CDB50E50015CE37 /* landing.swift in Sources */,
				3A72C7291CEB28D600B5412E /* preAuthorizationOne.swift in Sources */,
				3A79A7C51CF044DF008B693B /* HelpDeskQueryController.swift in Sources */,
				3A72C7271CEAEDC400B5412E /* MainClaimsController.swift in Sources */,
				3AE7AFE81CF2D9330047DFB0 /* InboxController.swift in Sources */,
			);
			runOnlyForDeploymentPostprocessing = 0;
		};
		786DFA061CD214F300DDE769 /* Sources */ = {
			isa = PBXSourcesBuildPhase;
			buildActionMask = 2147483647;
			files = (
				786DFA0F1CD214F300DDE769 /* Medi_ManageTests.swift in Sources */,
			);
			runOnlyForDeploymentPostprocessing = 0;
		};
		786DFA111CD214F300DDE769 /* Sources */ = {
			isa = PBXSourcesBuildPhase;
			buildActionMask = 2147483647;
			files = (
				786DFA1A1CD214F300DDE769 /* Medi_ManageUITests.swift in Sources */,
			);
			runOnlyForDeploymentPostprocessing = 0;
		};
/* End PBXSourcesBuildPhase section */

/* Begin PBXTargetDependency section */
		786DFA0C1CD214F300DDE769 /* PBXTargetDependency */ = {
			isa = PBXTargetDependency;
			target = 786DF9F51CD214F300DDE769 /* MediManage */;
			targetProxy = 786DFA0B1CD214F300DDE769 /* PBXContainerItemProxy */;
		};
		786DFA171CD214F300DDE769 /* PBXTargetDependency */ = {
			isa = PBXTargetDependency;
			target = 786DF9F51CD214F300DDE769 /* MediManage */;
			targetProxy = 786DFA161CD214F300DDE769 /* PBXContainerItemProxy */;
		};
/* End PBXTargetDependency section */

/* Begin PBXVariantGroup section */
		786DF9FD1CD214F300DDE769 /* Main.storyboard */ = {
			isa = PBXVariantGroup;
			children = (
				786DF9FE1CD214F300DDE769 /* Base */,
			);
			name = Main.storyboard;
			sourceTree = "<group>";
		};
		786DFA021CD214F300DDE769 /* LaunchScreen.storyboard */ = {
			isa = PBXVariantGroup;
			children = (
				786DFA031CD214F300DDE769 /* Base */,
			);
			name = LaunchScreen.storyboard;
			sourceTree = "<group>";
		};
/* End PBXVariantGroup section */

/* Begin XCBuildConfiguration section */
		786DFA1C1CD214F300DDE769 /* Debug */ = {
			isa = XCBuildConfiguration;
			buildSettings = {
				ALWAYS_SEARCH_USER_PATHS = NO;
				CLANG_ANALYZER_NONNULL = YES;
				CLANG_CXX_LANGUAGE_STANDARD = "gnu++0x";
				CLANG_CXX_LIBRARY = "libc++";
				CLANG_ENABLE_MODULES = YES;
				CLANG_ENABLE_OBJC_ARC = YES;
				CLANG_WARN_BOOL_CONVERSION = YES;
				CLANG_WARN_CONSTANT_CONVERSION = YES;
				CLANG_WARN_DIRECT_OBJC_ISA_USAGE = YES_ERROR;
				CLANG_WARN_EMPTY_BODY = YES;
				CLANG_WARN_ENUM_CONVERSION = YES;
				CLANG_WARN_INT_CONVERSION = YES;
				CLANG_WARN_OBJC_ROOT_CLASS = YES_ERROR;
				CLANG_WARN_UNREACHABLE_CODE = YES;
				CLANG_WARN__DUPLICATE_METHOD_MATCH = YES;
				"CODE_SIGN_IDENTITY[sdk=iphoneos*]" = "iPhone Developer";
				COPY_PHASE_STRIP = NO;
				DEBUG_INFORMATION_FORMAT = dwarf;
				ENABLE_STRICT_OBJC_MSGSEND = YES;
				ENABLE_TESTABILITY = YES;
				GCC_C_LANGUAGE_STANDARD = gnu99;
				GCC_DYNAMIC_NO_PIC = NO;
				GCC_NO_COMMON_BLOCKS = YES;
				GCC_OPTIMIZATION_LEVEL = 0;
				GCC_PREPROCESSOR_DEFINITIONS = (
					"DEBUG=1",
					"$(inherited)",
				);
				GCC_WARN_64_TO_32_BIT_CONVERSION = YES;
				GCC_WARN_ABOUT_RETURN_TYPE = YES_ERROR;
				GCC_WARN_UNDECLARED_SELECTOR = YES;
				GCC_WARN_UNINITIALIZED_AUTOS = YES_AGGRESSIVE;
				GCC_WARN_UNUSED_FUNCTION = YES;
				GCC_WARN_UNUSED_VARIABLE = YES;
				IPHONEOS_DEPLOYMENT_TARGET = 9.3;
				MTL_ENABLE_DEBUG_INFO = YES;
				ONLY_ACTIVE_ARCH = YES;
				SDKROOT = iphoneos;
				SWIFT_OPTIMIZATION_LEVEL = "-Onone";
				TARGETED_DEVICE_FAMILY = "1,2";
			};
			name = Debug;
		};
		786DFA1D1CD214F300DDE769 /* Release */ = {
			isa = XCBuildConfiguration;
			buildSettings = {
				ALWAYS_SEARCH_USER_PATHS = NO;
				CLANG_ANALYZER_NONNULL = YES;
				CLANG_CXX_LANGUAGE_STANDARD = "gnu++0x";
				CLANG_CXX_LIBRARY = "libc++";
				CLANG_ENABLE_MODULES = YES;
				CLANG_ENABLE_OBJC_ARC = YES;
				CLANG_WARN_BOOL_CONVERSION = YES;
				CLANG_WARN_CONSTANT_CONVERSION = YES;
				CLANG_WARN_DIRECT_OBJC_ISA_USAGE = YES_ERROR;
				CLANG_WARN_EMPTY_BODY = YES;
				CLANG_WARN_ENUM_CONVERSION = YES;
				CLANG_WARN_INT_CONVERSION = YES;
				CLANG_WARN_OBJC_ROOT_CLASS = YES_ERROR;
				CLANG_WARN_UNREACHABLE_CODE = YES;
				CLANG_WARN__DUPLICATE_METHOD_MATCH = YES;
				"CODE_SIGN_IDENTITY[sdk=iphoneos*]" = "iPhone Developer";
				COPY_PHASE_STRIP = NO;
				DEBUG_INFORMATION_FORMAT = "dwarf-with-dsym";
				ENABLE_NS_ASSERTIONS = NO;
				ENABLE_STRICT_OBJC_MSGSEND = YES;
				GCC_C_LANGUAGE_STANDARD = gnu99;
				GCC_NO_COMMON_BLOCKS = YES;
				GCC_WARN_64_TO_32_BIT_CONVERSION = YES;
				GCC_WARN_ABOUT_RETURN_TYPE = YES_ERROR;
				GCC_WARN_UNDECLARED_SELECTOR = YES;
				GCC_WARN_UNINITIALIZED_AUTOS = YES_AGGRESSIVE;
				GCC_WARN_UNUSED_FUNCTION = YES;
				GCC_WARN_UNUSED_VARIABLE = YES;
				IPHONEOS_DEPLOYMENT_TARGET = 9.3;
				MTL_ENABLE_DEBUG_INFO = NO;
				SDKROOT = iphoneos;
				TARGETED_DEVICE_FAMILY = "1,2";
				VALIDATE_PRODUCT = YES;
			};
			name = Release;
		};
		786DFA1F1CD214F300DDE769 /* Debug */ = {
			isa = XCBuildConfiguration;
			baseConfigurationReference = EEAE1C269713C6CE4FA8D118 /* Pods-MediManage.debug.xcconfig */;
			buildSettings = {
				ASSETCATALOG_COMPILER_APPICON_NAME = AppIcon;
				CODE_SIGN_IDENTITY = "iPhone Developer";
				"CODE_SIGN_IDENTITY[sdk=iphoneos*]" = "iPhone Developer";
				FRAMEWORK_SEARCH_PATHS = (
					"$(inherited)",
					"$(PROJECT_DIR)/build/Debug-iphoneos/Alamofire",
				);
				INFOPLIST_FILE = "Medi Manage/Info.plist";
				LD_RUNPATH_SEARCH_PATHS = "$(inherited) @executable_path/Frameworks";
				PRODUCT_BUNDLE_IDENTIFIER = "com.wohlig.Medi-Manage";
				PRODUCT_NAME = MediManage;
				TARGETED_DEVICE_FAMILY = 1;
			};
			name = Debug;
		};
		786DFA201CD214F300DDE769 /* Release */ = {
			isa = XCBuildConfiguration;
			baseConfigurationReference = 4415F35FCFCB220C77D14407 /* Pods-MediManage.release.xcconfig */;
			buildSettings = {
				ASSETCATALOG_COMPILER_APPICON_NAME = AppIcon;
				CODE_SIGN_IDENTITY = "iPhone Developer";
				FRAMEWORK_SEARCH_PATHS = (
					"$(inherited)",
					"$(PROJECT_DIR)/build/Debug-iphoneos/Alamofire",
				);
				INFOPLIST_FILE = "Medi Manage/Info.plist";
				LD_RUNPATH_SEARCH_PATHS = "$(inherited) @executable_path/Frameworks";
				PRODUCT_BUNDLE_IDENTIFIER = "com.wohlig.Medi-Manage";
				PRODUCT_NAME = MediManage;
				TARGETED_DEVICE_FAMILY = 1;
			};
			name = Release;
		};
		786DFA221CD214F300DDE769 /* Debug */ = {
			isa = XCBuildConfiguration;
			baseConfigurationReference = DA3F8782BBA8201238A606EF /* Pods-MediManageTests.debug.xcconfig */;
			buildSettings = {
				BUNDLE_LOADER = "$(TEST_HOST)";
				INFOPLIST_FILE = "Medi ManageTests/Info.plist";
				LD_RUNPATH_SEARCH_PATHS = "$(inherited) @executable_path/Frameworks @loader_path/Frameworks";
				PRODUCT_BUNDLE_IDENTIFIER = "com.wohlig.Medi-ManageTests";
				PRODUCT_NAME = MediManage;
				TEST_HOST = "$(BUILT_PRODUCTS_DIR)/MediManage.app/MediManage";
			};
			name = Debug;
		};
		786DFA231CD214F300DDE769 /* Release */ = {
			isa = XCBuildConfiguration;
			baseConfigurationReference = 2929E7673A1840B6947EC786 /* Pods-MediManageTests.release.xcconfig */;
			buildSettings = {
				BUNDLE_LOADER = "$(TEST_HOST)";
				INFOPLIST_FILE = "Medi ManageTests/Info.plist";
				LD_RUNPATH_SEARCH_PATHS = "$(inherited) @executable_path/Frameworks @loader_path/Frameworks";
				PRODUCT_BUNDLE_IDENTIFIER = "com.wohlig.Medi-ManageTests";
				PRODUCT_NAME = MediManage;
				TEST_HOST = "$(BUILT_PRODUCTS_DIR)/MediManage.app/MediManage";
			};
			name = Release;
		};
		786DFA251CD214F300DDE769 /* Debug */ = {
			isa = XCBuildConfiguration;
			baseConfigurationReference = 5D3E6004712544B1610851F3 /* Pods-MediManageUITests.debug.xcconfig */;
			buildSettings = {
				INFOPLIST_FILE = "Medi ManageUITests/Info.plist";
				LD_RUNPATH_SEARCH_PATHS = "$(inherited) @executable_path/Frameworks @loader_path/Frameworks";
				PRODUCT_BUNDLE_IDENTIFIER = "com.wohlig.Medi-ManageUITests";
				PRODUCT_NAME = MediManage;
				TEST_TARGET_NAME = "Medi Manage";
			};
			name = Debug;
		};
		786DFA261CD214F300DDE769 /* Release */ = {
			isa = XCBuildConfiguration;
			baseConfigurationReference = B1823BFAEEEE1367D0B19089 /* Pods-MediManageUITests.release.xcconfig */;
			buildSettings = {
				INFOPLIST_FILE = "Medi ManageUITests/Info.plist";
				LD_RUNPATH_SEARCH_PATHS = "$(inherited) @executable_path/Frameworks @loader_path/Frameworks";
				PRODUCT_BUNDLE_IDENTIFIER = "com.wohlig.Medi-ManageUITests";
				PRODUCT_NAME = MediManage;
				TEST_TARGET_NAME = "Medi Manage";
			};
			name = Release;
		};
/* End XCBuildConfiguration section */

/* Begin XCConfigurationList section */
		786DF9F11CD214F300DDE769 /* Build configuration list for PBXProject "MediManage" */ = {
			isa = XCConfigurationList;
			buildConfigurations = (
				786DFA1C1CD214F300DDE769 /* Debug */,
				786DFA1D1CD214F300DDE769 /* Release */,
			);
			defaultConfigurationIsVisible = 0;
			defaultConfigurationName = Release;
		};
		786DFA1E1CD214F300DDE769 /* Build configuration list for PBXNativeTarget "MediManage" */ = {
			isa = XCConfigurationList;
			buildConfigurations = (
				786DFA1F1CD214F300DDE769 /* Debug */,
				786DFA201CD214F300DDE769 /* Release */,
			);
			defaultConfigurationIsVisible = 0;
			defaultConfigurationName = Release;
		};
		786DFA211CD214F300DDE769 /* Build configuration list for PBXNativeTarget "MediManageTests" */ = {
			isa = XCConfigurationList;
			buildConfigurations = (
				786DFA221CD214F300DDE769 /* Debug */,
				786DFA231CD214F300DDE769 /* Release */,
			);
			defaultConfigurationIsVisible = 0;
			defaultConfigurationName = Release;
		};
		786DFA241CD214F300DDE769 /* Build configuration list for PBXNativeTarget "MediManageUITests" */ = {
			isa = XCConfigurationList;
			buildConfigurations = (
				786DFA251CD214F300DDE769 /* Debug */,
				786DFA261CD214F300DDE769 /* Release */,
			);
			defaultConfigurationIsVisible = 0;
			defaultConfigurationName = Release;
		};
/* End XCConfigurationList section */
	};
	rootObject = 786DF9EE1CD214F300DDE769 /* Project object */;
}
